// !$*UTF8*$!
{
	archiveVersion = 1;
	classes = {
	};
	objectVersion = 54;
	objects = {

/* Begin PBXBuildFile section */
		00E356F31AD99517003FC87E /* asm_ps28784Tests.m in Sources */ = {isa = PBXBuildFile; fileRef = 00E356F21AD99517003FC87E /* asm_ps28784Tests.m */; };
		07339B998E9F4352BF6E9E6D /* Poppins-Regular.ttf in Resources */ = {isa = PBXBuildFile; fileRef = 7632C9154514485CBA87CE36 /* Poppins-Regular.ttf */; };
		0C80B921A6F3F58F76C31292 /* libPods-asm_ps28784.a in Frameworks */ = {isa = PBXBuildFile; fileRef = 5DCACB8F33CDC322A6C60F78 /* libPods-asm_ps28784.a */; };
		13B07FBC1A68108700A75B9A /* AppDelegate.mm in Sources */ = {isa = PBXBuildFile; fileRef = 13B07FB01A68108700A75B9A /* AppDelegate.mm */; };
		13B07FBF1A68108700A75B9A /* Images.xcassets in Resources */ = {isa = PBXBuildFile; fileRef = 13B07FB51A68108700A75B9A /* Images.xcassets */; };
		13B07FC11A68108700A75B9A /* main.m in Sources */ = {isa = PBXBuildFile; fileRef = 13B07FB71A68108700A75B9A /* main.m */; };
		18F410DC70B84D63990BBB62 /* Lato-LightItalic.ttf in Resources */ = {isa = PBXBuildFile; fileRef = 17EE70EEC0DD4DBC9B398C5F /* Lato-LightItalic.ttf */; };
		1909A055E9644CC4A1C9DE49 /* Lato-Light.ttf in Resources */ = {isa = PBXBuildFile; fileRef = FE88921AE7AC4BC3ADF0994B /* Lato-Light.ttf */; };
		28CFE4AC4B134FE4994C187B /* Poppins-ExtraBold.ttf in Resources */ = {isa = PBXBuildFile; fileRef = AFB3BA3DC80341AFB15F1F8C /* Poppins-ExtraBold.ttf */; };
		4ABBB9E3F1C34877A57FD8AB /* Lato-Bold.ttf in Resources */ = {isa = PBXBuildFile; fileRef = 03CFA106732346BD9EE62C29 /* Lato-Bold.ttf */; };
		51B38F9064704ED3913EC8C8 /* Poppins-ExtraBoldItalic.ttf in Resources */ = {isa = PBXBuildFile; fileRef = 10D1E8DE252B4499938D56CC /* Poppins-ExtraBoldItalic.ttf */; };
		639EF7D47FDE492086B9AAFC /* Poppins-Thin.ttf in Resources */ = {isa = PBXBuildFile; fileRef = 0C28116E101C47F3B5C3857B /* Poppins-Thin.ttf */; };
		7699B88040F8A987B510C191 /* libPods-asm_ps28784-asm_ps28784Tests.a in Frameworks */ = {isa = PBXBuildFile; fileRef = 19F6CBCC0A4E27FBF8BF4A61 /* libPods-asm_ps28784-asm_ps28784Tests.a */; };
		78818A172459476BA0BD85C3 /* Lato-Black.ttf in Resources */ = {isa = PBXBuildFile; fileRef = 86E58F0DFE1949F9B56D31E2 /* Lato-Black.ttf */; };
		7F35DFB19157499E9374C6AA /* Lato-Thin.ttf in Resources */ = {isa = PBXBuildFile; fileRef = 5D00EB49532B400CBBFDAF4F /* Lato-Thin.ttf */; };
		81AB9BB82411601600AC10FF /* LaunchScreen.storyboard in Resources */ = {isa = PBXBuildFile; fileRef = 81AB9BB72411601600AC10FF /* LaunchScreen.storyboard */; };
		8752679F70D341599FFD9BA2 /* Poppins-Medium.ttf in Resources */ = {isa = PBXBuildFile; fileRef = 5F1232E4728D4DF2B642F233 /* Poppins-Medium.ttf */; };
		8CD2A3A449364A73BA3DCF8D /* Poppins-Black.ttf in Resources */ = {isa = PBXBuildFile; fileRef = 8C8E4BDAE77148F8B527DB15 /* Poppins-Black.ttf */; };
		94F315D27E1E4BF39297C325 /* Poppins-SemiBold.ttf in Resources */ = {isa = PBXBuildFile; fileRef = 3DDFFD75168E44F5BC621B57 /* Poppins-SemiBold.ttf */; };
		9621D0AE4CBF4E6AB7CEB4A0 /* Poppins-LightItalic.ttf in Resources */ = {isa = PBXBuildFile; fileRef = 5D56CCB2CE114A55A293D9BB /* Poppins-LightItalic.ttf */; };
		979735C348B44D168C00244B /* Lato-BlackItalic.ttf in Resources */ = {isa = PBXBuildFile; fileRef = 3FF6DF0B1B874707ACF98D8D /* Lato-BlackItalic.ttf */; };
		A2048049F02F48E6B4A28F58 /* Poppins-Bold.ttf in Resources */ = {isa = PBXBuildFile; fileRef = 01FA625F09634E57ADC9A6F2 /* Poppins-Bold.ttf */; };
		A363A9C69CC84A1C9C79A600 /* Poppins-BlackItalic.ttf in Resources */ = {isa = PBXBuildFile; fileRef = 52CBA7E9337044D9B80C42E9 /* Poppins-BlackItalic.ttf */; };
		B42B4FEF92FF489AB851F439 /* Poppins-Italic.ttf in Resources */ = {isa = PBXBuildFile; fileRef = 1E2FD3399C4B40FB87712DAD /* Poppins-Italic.ttf */; };
		B5C3CCFE973D4BCCB321FE0B /* Poppins-ExtraLight.ttf in Resources */ = {isa = PBXBuildFile; fileRef = 6B67BDF2A9A54EFCA3D80BDA /* Poppins-ExtraLight.ttf */; };
		C26393BF48D842508E0989A8 /* Poppins-Light.ttf in Resources */ = {isa = PBXBuildFile; fileRef = E5819AB5BABA4859937A30F1 /* Poppins-Light.ttf */; };
		C7BE362FC14D42218F9BBA43 /* Poppins-SemiBoldItalic.ttf in Resources */ = {isa = PBXBuildFile; fileRef = 0CADBB9066D6465C9AD96F11 /* Poppins-SemiBoldItalic.ttf */; };
		CFA0818F73B84B41810AE1B4 /* Lato-Regular.ttf in Resources */ = {isa = PBXBuildFile; fileRef = 1B2873AC6212457AB88139B8 /* Lato-Regular.ttf */; };
		E11BC23F1B1A4314AEFC3C01 /* Lato-Italic.ttf in Resources */ = {isa = PBXBuildFile; fileRef = 7C4A3AAA17AE41C8863D2F4F /* Lato-Italic.ttf */; };
		E152D589B01C425C8970E509 /* Poppins-MediumItalic.ttf in Resources */ = {isa = PBXBuildFile; fileRef = F029BF487ACA4C9D95548ACE /* Poppins-MediumItalic.ttf */; };
		E44CFEC74ABE4854A410AC12 /* Poppins-ThinItalic.ttf in Resources */ = {isa = PBXBuildFile; fileRef = 356DA46097004C81BE0EAF48 /* Poppins-ThinItalic.ttf */; };
		ECAA617C18274D50A04F0719 /* Poppins-ExtraLightItalic.ttf in Resources */ = {isa = PBXBuildFile; fileRef = CD2E95613D8C41F2AFC9E7FD /* Poppins-ExtraLightItalic.ttf */; };
		F4314EBD799A40478F89A0C8 /* Lato-ThinItalic.ttf in Resources */ = {isa = PBXBuildFile; fileRef = 1C707F02FA27499B963EA7A7 /* Lato-ThinItalic.ttf */; };
		F60DC1DAFB1449109B7C53A1 /* Poppins-BoldItalic.ttf in Resources */ = {isa = PBXBuildFile; fileRef = 38F0A9362F0D4B149ED07FC2 /* Poppins-BoldItalic.ttf */; };
		FFEC747EC09D4F0197B3AA91 /* Lato-BoldItalic.ttf in Resources */ = {isa = PBXBuildFile; fileRef = C84760D32BD246F5A07FFAA4 /* Lato-BoldItalic.ttf */; };
/* End PBXBuildFile section */

/* Begin PBXContainerItemProxy section */
		00E356F41AD99517003FC87E /* PBXContainerItemProxy */ = {
			isa = PBXContainerItemProxy;
			containerPortal = 83CBB9F71A601CBA00E9B192 /* Project object */;
			proxyType = 1;
			remoteGlobalIDString = 13B07F861A680F5B00A75B9A;
			remoteInfo = asm_ps28784;
		};
		F32EB9F52BC2FF4000D8C2B8 /* PBXContainerItemProxy */ = {
			isa = PBXContainerItemProxy;
			containerPortal = F32EB9A82BC2FF4000D8C2B8 /* Pods.xcodeproj */;
			proxyType = 2;
			remoteGlobalIDString = 3F282D213AB9D1ECA1228C986CC9D2BA;
			remoteInfo = BEMCheckBox;
		};
		F32EB9F72BC2FF4000D8C2B8 /* PBXContainerItemProxy */ = {
			isa = PBXContainerItemProxy;
			containerPortal = F32EB9A82BC2FF4000D8C2B8 /* Pods.xcodeproj */;
			proxyType = 2;
			remoteGlobalIDString = 3501832F51E21BCD681DC315B3424B43;
			remoteInfo = BVLinearGradient;
		};
		F32EB9F92BC2FF4000D8C2B8 /* PBXContainerItemProxy */ = {
			isa = PBXContainerItemProxy;
			containerPortal = F32EB9A82BC2FF4000D8C2B8 /* Pods.xcodeproj */;
			proxyType = 2;
			remoteGlobalIDString = 6CBEFE4F9E22AFDC6347A739BB35FF8C;
			remoteInfo = CocoaAsyncSocket;
		};
		F32EB9FB2BC2FF4000D8C2B8 /* PBXContainerItemProxy */ = {
			isa = PBXContainerItemProxy;
			containerPortal = F32EB9A82BC2FF4000D8C2B8 /* Pods.xcodeproj */;
			proxyType = 2;
			remoteGlobalIDString = 6FFB7B2992BB53405E6B771A5BA1E97D;
			remoteInfo = DoubleConversion;
		};
		F32EB9FD2BC2FF4000D8C2B8 /* PBXContainerItemProxy */ = {
			isa = PBXContainerItemProxy;
			containerPortal = F32EB9A82BC2FF4000D8C2B8 /* Pods.xcodeproj */;
			proxyType = 2;
			remoteGlobalIDString = E93F701CA8EB196D77AE99E094D873E4;
			remoteInfo = Flipper;
		};
		F32EB9FF2BC2FF4000D8C2B8 /* PBXContainerItemProxy */ = {
			isa = PBXContainerItemProxy;
			containerPortal = F32EB9A82BC2FF4000D8C2B8 /* Pods.xcodeproj */;
			proxyType = 2;
			remoteGlobalIDString = 8FD3DD8368ED4B6E773ABAA49C117D42;
			remoteInfo = "Flipper-Boost-iOSX";
		};
		F32EBA012BC2FF4000D8C2B8 /* PBXContainerItemProxy */ = {
			isa = PBXContainerItemProxy;
			containerPortal = F32EB9A82BC2FF4000D8C2B8 /* Pods.xcodeproj */;
			proxyType = 2;
			remoteGlobalIDString = 396DAFDC3DCFBF31A37A3CC9488C0DDC;
			remoteInfo = "Flipper-Fmt";
		};
		F32EBA032BC2FF4000D8C2B8 /* PBXContainerItemProxy */ = {
			isa = PBXContainerItemProxy;
			containerPortal = F32EB9A82BC2FF4000D8C2B8 /* Pods.xcodeproj */;
			proxyType = 2;
			remoteGlobalIDString = 99D5CD245388DC76AAEF6E1E351A90ED;
			remoteInfo = "Flipper-Folly";
		};
		F32EBA052BC2FF4000D8C2B8 /* PBXContainerItemProxy */ = {
			isa = PBXContainerItemProxy;
			containerPortal = F32EB9A82BC2FF4000D8C2B8 /* Pods.xcodeproj */;
			proxyType = 2;
			remoteGlobalIDString = ACBB7F62B267CC7C9BBBAE41DE94743B;
			remoteInfo = "Flipper-PeerTalk";
		};
		F32EBA072BC2FF4000D8C2B8 /* PBXContainerItemProxy */ = {
			isa = PBXContainerItemProxy;
			containerPortal = F32EB9A82BC2FF4000D8C2B8 /* Pods.xcodeproj */;
			proxyType = 2;
			remoteGlobalIDString = 65234B3E668A42D9137B2C7AB051EE37;
			remoteInfo = FlipperKit;
		};
		F32EBA092BC2FF4000D8C2B8 /* PBXContainerItemProxy */ = {
			isa = PBXContainerItemProxy;
			containerPortal = F32EB9A82BC2FF4000D8C2B8 /* Pods.xcodeproj */;
			proxyType = 2;
			remoteGlobalIDString = F4BDA69E3BCB0166D49FB679ABADCA00;
			remoteInfo = fmt;
		};
		F32EBA0B2BC2FF4000D8C2B8 /* PBXContainerItemProxy */ = {
			isa = PBXContainerItemProxy;
			containerPortal = F32EB9A82BC2FF4000D8C2B8 /* Pods.xcodeproj */;
			proxyType = 2;
			remoteGlobalIDString = 3CA7A9404CCDD6BA22C97F8348CE3209;
			remoteInfo = glog;
		};
		F32EBA0D2BC2FF4000D8C2B8 /* PBXContainerItemProxy */ = {
			isa = PBXContainerItemProxy;
			containerPortal = F32EB9A82BC2FF4000D8C2B8 /* Pods.xcodeproj */;
			proxyType = 2;
			remoteGlobalIDString = FB6FAD8F0183E86ACBFBD8A81BA7BF3A;
			remoteInfo = libevent;
		};
		F32EBA0F2BC2FF4000D8C2B8 /* PBXContainerItemProxy */ = {
			isa = PBXContainerItemProxy;
			containerPortal = F32EB9A82BC2FF4000D8C2B8 /* Pods.xcodeproj */;
			proxyType = 2;
			remoteGlobalIDString = 51BA97E8B5085EFFB47BC9C0B785CEA7;
			remoteInfo = "lottie-ios";
		};
		F32EBA112BC2FF4000D8C2B8 /* PBXContainerItemProxy */ = {
			isa = PBXContainerItemProxy;
			containerPortal = F32EB9A82BC2FF4000D8C2B8 /* Pods.xcodeproj */;
			proxyType = 2;
			remoteGlobalIDString = 62060F5D524AE8173817ADD9482A0FEB;
			remoteInfo = "lottie-ios-LottiePrivacyInfo";
		};
		F32EBA132BC2FF4000D8C2B8 /* PBXContainerItemProxy */ = {
			isa = PBXContainerItemProxy;
			containerPortal = F32EB9A82BC2FF4000D8C2B8 /* Pods.xcodeproj */;
			proxyType = 2;
			remoteGlobalIDString = 0F8D5091C801A6ECB9A173DA0E385A29;
			remoteInfo = "lottie-react-native";
		};
		F32EBA152BC2FF4000D8C2B8 /* PBXContainerItemProxy */ = {
			isa = PBXContainerItemProxy;
			containerPortal = F32EB9A82BC2FF4000D8C2B8 /* Pods.xcodeproj */;
			proxyType = 2;
			remoteGlobalIDString = 914D2B3007F2D4566ACCA456F0D3FC12;
			remoteInfo = "lottie-react-native-Lottie_React_Native_Privacy";
		};
		F32EBA172BC2FF4000D8C2B8 /* PBXContainerItemProxy */ = {
			isa = PBXContainerItemProxy;
			containerPortal = F32EB9A82BC2FF4000D8C2B8 /* Pods.xcodeproj */;
			proxyType = 2;
			remoteGlobalIDString = E2F76141ED8A73913E725A6B3196D336;
			remoteInfo = "Pods-asm_ps28784";
		};
		F32EBA192BC2FF4000D8C2B8 /* PBXContainerItemProxy */ = {
			isa = PBXContainerItemProxy;
			containerPortal = F32EB9A82BC2FF4000D8C2B8 /* Pods.xcodeproj */;
			proxyType = 2;
			remoteGlobalIDString = 50B8E0FB5D77B5AD46A7EC8690095226;
			remoteInfo = "Pods-asm_ps28784-asm_ps28784Tests";
		};
		F32EBA1B2BC2FF4000D8C2B8 /* PBXContainerItemProxy */ = {
			isa = PBXContainerItemProxy;
			containerPortal = F32EB9A82BC2FF4000D8C2B8 /* Pods.xcodeproj */;
			proxyType = 2;
			remoteGlobalIDString = 1936453FF2A7E3A13063C4917C4D5598;
			remoteInfo = "RCT-Folly";
		};
		F32EBA1D2BC2FF4000D8C2B8 /* PBXContainerItemProxy */ = {
			isa = PBXContainerItemProxy;
			containerPortal = F32EB9A82BC2FF4000D8C2B8 /* Pods.xcodeproj */;
			proxyType = 2;
			remoteGlobalIDString = F958876A082BF810B342435CE3FB5AF6;
			remoteInfo = RCTTypeSafety;
		};
		F32EBA1F2BC2FF4000D8C2B8 /* PBXContainerItemProxy */ = {
			isa = PBXContainerItemProxy;
			containerPortal = F32EB9A82BC2FF4000D8C2B8 /* Pods.xcodeproj */;
			proxyType = 2;
			remoteGlobalIDString = E7178FECB829C9576A3723658B07F087;
			remoteInfo = "React-Codegen";
		};
		F32EBA212BC2FF4000D8C2B8 /* PBXContainerItemProxy */ = {
			isa = PBXContainerItemProxy;
			containerPortal = F32EB9A82BC2FF4000D8C2B8 /* Pods.xcodeproj */;
			proxyType = 2;
			remoteGlobalIDString = BD71E2539823621820F84384064C253A;
			remoteInfo = "React-Core";
		};
		F32EBA232BC2FF4000D8C2B8 /* PBXContainerItemProxy */ = {
			isa = PBXContainerItemProxy;
			containerPortal = F32EB9A82BC2FF4000D8C2B8 /* Pods.xcodeproj */;
			proxyType = 2;
			remoteGlobalIDString = E50E54D57E4CB3E0920119CF69AD9A2D;
			remoteInfo = "React-Core-RCTI18nStrings";
		};
		F32EBA252BC2FF4000D8C2B8 /* PBXContainerItemProxy */ = {
			isa = PBXContainerItemProxy;
			containerPortal = F32EB9A82BC2FF4000D8C2B8 /* Pods.xcodeproj */;
			proxyType = 2;
			remoteGlobalIDString = 6771D231F4C8C5976470A369C474B32E;
			remoteInfo = "React-CoreModules";
		};
		F32EBA272BC2FF4000D8C2B8 /* PBXContainerItemProxy */ = {
			isa = PBXContainerItemProxy;
			containerPortal = F32EB9A82BC2FF4000D8C2B8 /* Pods.xcodeproj */;
			proxyType = 2;
			remoteGlobalIDString = 37592FDAD45752511010F4B06AC57355;
			remoteInfo = "React-cxxreact";
		};
		F32EBA292BC2FF4000D8C2B8 /* PBXContainerItemProxy */ = {
			isa = PBXContainerItemProxy;
			containerPortal = F32EB9A82BC2FF4000D8C2B8 /* Pods.xcodeproj */;
			proxyType = 2;
			remoteGlobalIDString = 6ED2C07E6AE77BBD9A6856E523EF6A06;
			remoteInfo = "React-debug";
		};
		F32EBA2B2BC2FF4000D8C2B8 /* PBXContainerItemProxy */ = {
			isa = PBXContainerItemProxy;
			containerPortal = F32EB9A82BC2FF4000D8C2B8 /* Pods.xcodeproj */;
			proxyType = 2;
			remoteGlobalIDString = DE73D8A5ECB254D9D3F8C36C8D201F89;
			remoteInfo = "React-Fabric";
		};
		F32EBA2D2BC2FF4000D8C2B8 /* PBXContainerItemProxy */ = {
			isa = PBXContainerItemProxy;
			containerPortal = F32EB9A82BC2FF4000D8C2B8 /* Pods.xcodeproj */;
			proxyType = 2;
			remoteGlobalIDString = 61A80F68AE163B384B7D7A9E76B6046C;
			remoteInfo = "React-FabricImage";
		};
		F32EBA2F2BC2FF4000D8C2B8 /* PBXContainerItemProxy */ = {
			isa = PBXContainerItemProxy;
			containerPortal = F32EB9A82BC2FF4000D8C2B8 /* Pods.xcodeproj */;
			proxyType = 2;
			remoteGlobalIDString = 5AA54A19E2135E09B9C8C0767385FD3A;
			remoteInfo = "React-graphics";
		};
		F32EBA312BC2FF4000D8C2B8 /* PBXContainerItemProxy */ = {
			isa = PBXContainerItemProxy;
			containerPortal = F32EB9A82BC2FF4000D8C2B8 /* Pods.xcodeproj */;
			proxyType = 2;
			remoteGlobalIDString = DAD8B71DF2DFCF15AAF98C06D37D5703;
			remoteInfo = "React-hermes";
		};
		F32EBA332BC2FF4000D8C2B8 /* PBXContainerItemProxy */ = {
			isa = PBXContainerItemProxy;
			containerPortal = F32EB9A82BC2FF4000D8C2B8 /* Pods.xcodeproj */;
			proxyType = 2;
			remoteGlobalIDString = CEA45A2349847B8CEAC9ABF565A04BD0;
			remoteInfo = "React-ImageManager";
		};
		F32EBA352BC2FF4000D8C2B8 /* PBXContainerItemProxy */ = {
			isa = PBXContainerItemProxy;
			containerPortal = F32EB9A82BC2FF4000D8C2B8 /* Pods.xcodeproj */;
			proxyType = 2;
			remoteGlobalIDString = C02EAF482D8B4DE45E3A58A25AE1FA91;
			remoteInfo = "React-jserrorhandler";
		};
		F32EBA372BC2FF4000D8C2B8 /* PBXContainerItemProxy */ = {
			isa = PBXContainerItemProxy;
			containerPortal = F32EB9A82BC2FF4000D8C2B8 /* Pods.xcodeproj */;
			proxyType = 2;
			remoteGlobalIDString = D9F334F2E90E3EE462FC4192AF5C03BD;
			remoteInfo = "React-jsi";
		};
		F32EBA392BC2FF4000D8C2B8 /* PBXContainerItemProxy */ = {
			isa = PBXContainerItemProxy;
			containerPortal = F32EB9A82BC2FF4000D8C2B8 /* Pods.xcodeproj */;
			proxyType = 2;
			remoteGlobalIDString = F2E7C88DFCD460A4B46B913ADEB8A641;
			remoteInfo = "React-jsiexecutor";
		};
		F32EBA3B2BC2FF4000D8C2B8 /* PBXContainerItemProxy */ = {
			isa = PBXContainerItemProxy;
			containerPortal = F32EB9A82BC2FF4000D8C2B8 /* Pods.xcodeproj */;
			proxyType = 2;
			remoteGlobalIDString = 2577F299FCB0A19824FE989BE77B8E8F;
			remoteInfo = "React-jsinspector";
		};
		F32EBA3D2BC2FF4000D8C2B8 /* PBXContainerItemProxy */ = {
			isa = PBXContainerItemProxy;
			containerPortal = F32EB9A82BC2FF4000D8C2B8 /* Pods.xcodeproj */;
			proxyType = 2;
			remoteGlobalIDString = A5B49761F8D1EB12585DD45CAA2E489F;
			remoteInfo = "React-logger";
		};
		F32EBA3F2BC2FF4000D8C2B8 /* PBXContainerItemProxy */ = {
			isa = PBXContainerItemProxy;
			containerPortal = F32EB9A82BC2FF4000D8C2B8 /* Pods.xcodeproj */;
			proxyType = 2;
			remoteGlobalIDString = C941106D9D54AE237C5110F5638389AC;
			remoteInfo = "React-Mapbuffer";
		};
		F32EBA412BC2FF4000D8C2B8 /* PBXContainerItemProxy */ = {
			isa = PBXContainerItemProxy;
			containerPortal = F32EB9A82BC2FF4000D8C2B8 /* Pods.xcodeproj */;
			proxyType = 2;
			remoteGlobalIDString = 52FCF98CEFF94C742080B6965D537AD0;
			remoteInfo = "react-native-safe-area-context";
		};
		F32EBA432BC2FF4000D8C2B8 /* PBXContainerItemProxy */ = {
			isa = PBXContainerItemProxy;
			containerPortal = F32EB9A82BC2FF4000D8C2B8 /* Pods.xcodeproj */;
			proxyType = 2;
			remoteGlobalIDString = 60D5A56E763D6E7C4FBE797565062EEA;
			remoteInfo = "React-nativeconfig";
		};
		F32EBA452BC2FF4000D8C2B8 /* PBXContainerItemProxy */ = {
			isa = PBXContainerItemProxy;
			containerPortal = F32EB9A82BC2FF4000D8C2B8 /* Pods.xcodeproj */;
			proxyType = 2;
			remoteGlobalIDString = 1E649614D7644BF68C2F5D4CB3FBF8DC;
			remoteInfo = "React-NativeModulesApple";
		};
		F32EBA472BC2FF4000D8C2B8 /* PBXContainerItemProxy */ = {
			isa = PBXContainerItemProxy;
			containerPortal = F32EB9A82BC2FF4000D8C2B8 /* Pods.xcodeproj */;
			proxyType = 2;
			remoteGlobalIDString = 666E72807891C591E025A75410CD2A26;
			remoteInfo = "React-perflogger";
		};
		F32EBA492BC2FF4000D8C2B8 /* PBXContainerItemProxy */ = {
			isa = PBXContainerItemProxy;
			containerPortal = F32EB9A82BC2FF4000D8C2B8 /* Pods.xcodeproj */;
			proxyType = 2;
			remoteGlobalIDString = FE7B9294FF05AAFD1653E2104E10844A;
			remoteInfo = "React-RCTAnimation";
		};
		F32EBA4B2BC2FF4000D8C2B8 /* PBXContainerItemProxy */ = {
			isa = PBXContainerItemProxy;
			containerPortal = F32EB9A82BC2FF4000D8C2B8 /* Pods.xcodeproj */;
			proxyType = 2;
			remoteGlobalIDString = 39D0105B481E5FB78C661496BD63B8A5;
			remoteInfo = "React-RCTAppDelegate";
		};
		F32EBA4D2BC2FF4000D8C2B8 /* PBXContainerItemProxy */ = {
			isa = PBXContainerItemProxy;
			containerPortal = F32EB9A82BC2FF4000D8C2B8 /* Pods.xcodeproj */;
			proxyType = 2;
			remoteGlobalIDString = F71EBF73F354B475D465FF6DE9A66707;
			remoteInfo = "React-RCTBlob";
		};
		F32EBA4F2BC2FF4000D8C2B8 /* PBXContainerItemProxy */ = {
			isa = PBXContainerItemProxy;
			containerPortal = F32EB9A82BC2FF4000D8C2B8 /* Pods.xcodeproj */;
			proxyType = 2;
			remoteGlobalIDString = DA7ABB6DD8AEACED51D63B2C774E3A63;
			remoteInfo = "React-RCTFabric";
		};
		F32EBA512BC2FF4000D8C2B8 /* PBXContainerItemProxy */ = {
			isa = PBXContainerItemProxy;
			containerPortal = F32EB9A82BC2FF4000D8C2B8 /* Pods.xcodeproj */;
			proxyType = 2;
			remoteGlobalIDString = EEDBF403E8E0B3885E65C2741B536BC5;
			remoteInfo = "React-RCTImage";
		};
		F32EBA532BC2FF4000D8C2B8 /* PBXContainerItemProxy */ = {
			isa = PBXContainerItemProxy;
			containerPortal = F32EB9A82BC2FF4000D8C2B8 /* Pods.xcodeproj */;
			proxyType = 2;
			remoteGlobalIDString = 802121F5B756ACBFDD6D08C36246DADD;
			remoteInfo = "React-RCTLinking";
		};
		F32EBA552BC2FF4000D8C2B8 /* PBXContainerItemProxy */ = {
			isa = PBXContainerItemProxy;
			containerPortal = F32EB9A82BC2FF4000D8C2B8 /* Pods.xcodeproj */;
			proxyType = 2;
			remoteGlobalIDString = A68E5A9B69A3BA0FD52CAF7A354EC93B;
			remoteInfo = "React-RCTNetwork";
		};
		F32EBA572BC2FF4000D8C2B8 /* PBXContainerItemProxy */ = {
			isa = PBXContainerItemProxy;
			containerPortal = F32EB9A82BC2FF4000D8C2B8 /* Pods.xcodeproj */;
			proxyType = 2;
			remoteGlobalIDString = 269BE773C9482484B70949A40F4EA525;
			remoteInfo = "React-RCTSettings";
		};
		F32EBA592BC2FF4000D8C2B8 /* PBXContainerItemProxy */ = {
			isa = PBXContainerItemProxy;
			containerPortal = F32EB9A82BC2FF4000D8C2B8 /* Pods.xcodeproj */;
			proxyType = 2;
			remoteGlobalIDString = E6A16705C69FC7DE11C2469A4A0F8358;
			remoteInfo = "React-RCTText";
		};
		F32EBA5B2BC2FF4000D8C2B8 /* PBXContainerItemProxy */ = {
			isa = PBXContainerItemProxy;
			containerPortal = F32EB9A82BC2FF4000D8C2B8 /* Pods.xcodeproj */;
			proxyType = 2;
			remoteGlobalIDString = C1A919103EAC9813D236486C34FC0A21;
			remoteInfo = "React-RCTVibration";
		};
		F32EBA5D2BC2FF4000D8C2B8 /* PBXContainerItemProxy */ = {
			isa = PBXContainerItemProxy;
			containerPortal = F32EB9A82BC2FF4000D8C2B8 /* Pods.xcodeproj */;
			proxyType = 2;
			remoteGlobalIDString = 1E04881EDF02715BD6AC2C6ED3FBB37E;
			remoteInfo = "React-rendererdebug";
		};
		F32EBA5F2BC2FF4000D8C2B8 /* PBXContainerItemProxy */ = {
			isa = PBXContainerItemProxy;
			containerPortal = F32EB9A82BC2FF4000D8C2B8 /* Pods.xcodeproj */;
			proxyType = 2;
			remoteGlobalIDString = A67E85E5F06FDA406D3A1B378BDF0C5C;
			remoteInfo = "React-runtimescheduler";
		};
		F32EBA612BC2FF4000D8C2B8 /* PBXContainerItemProxy */ = {
			isa = PBXContainerItemProxy;
			containerPortal = F32EB9A82BC2FF4000D8C2B8 /* Pods.xcodeproj */;
			proxyType = 2;
			remoteGlobalIDString = B7610E9FDE749C16C0B1CDAAF3B2DDC2;
			remoteInfo = "React-utils";
		};
		F32EBA632BC2FF4000D8C2B8 /* PBXContainerItemProxy */ = {
			isa = PBXContainerItemProxy;
			containerPortal = F32EB9A82BC2FF4000D8C2B8 /* Pods.xcodeproj */;
			proxyType = 2;
			remoteGlobalIDString = D5C775614AC76D44CECB6BE08B022F1F;
			remoteInfo = ReactCommon;
		};
		F32EBA652BC2FF4000D8C2B8 /* PBXContainerItemProxy */ = {
			isa = PBXContainerItemProxy;
			containerPortal = F32EB9A82BC2FF4000D8C2B8 /* Pods.xcodeproj */;
			proxyType = 2;
			remoteGlobalIDString = 629B4458112E2D01978E2FE02FF6FFF7;
			remoteInfo = RNCCheckbox;
		};
		F32EBA672BC2FF4000D8C2B8 /* PBXContainerItemProxy */ = {
			isa = PBXContainerItemProxy;
			containerPortal = F32EB9A82BC2FF4000D8C2B8 /* Pods.xcodeproj */;
			proxyType = 2;
			remoteGlobalIDString = C777CF2FB1E39A45CBBDB54E8693F471;
			remoteInfo = RNReanimated;
		};
		F32EBA692BC2FF4000D8C2B8 /* PBXContainerItemProxy */ = {
			isa = PBXContainerItemProxy;
			containerPortal = F32EB9A82BC2FF4000D8C2B8 /* Pods.xcodeproj */;
			proxyType = 2;
			remoteGlobalIDString = 50B5347C9A6E93B7D4CFC3673BA6FB7E;
			remoteInfo = RNScreens;
		};
		F32EBA6B2BC2FF4000D8C2B8 /* PBXContainerItemProxy */ = {
			isa = PBXContainerItemProxy;
			containerPortal = F32EB9A82BC2FF4000D8C2B8 /* Pods.xcodeproj */;
			proxyType = 2;
			remoteGlobalIDString = 85A01882ED06DFEA2E0CE78BCDB204A7;
			remoteInfo = SocketRocket;
		};
		F32EBA6D2BC2FF4000D8C2B8 /* PBXContainerItemProxy */ = {
			isa = PBXContainerItemProxy;
			containerPortal = F32EB9A82BC2FF4000D8C2B8 /* Pods.xcodeproj */;
			proxyType = 2;
			remoteGlobalIDString = 65D0A19C165FA1126B1360680FE6DB12;
			remoteInfo = Yoga;
		};
		F3F2A17D2BC37983009C1DA6 /* PBXContainerItemProxy */ = {
			isa = PBXContainerItemProxy;
			containerPortal = F32EB9A82BC2FF4000D8C2B8 /* Pods.xcodeproj */;
			proxyType = 2;
			remoteGlobalIDString = FBDF68F56E3CE4F16A2EF4D1BCBB1A11;
			remoteInfo = "react-native-flipper";
		};
/* End PBXContainerItemProxy section */

/* Begin PBXFileReference section */
		00E356EE1AD99517003FC87E /* asm_ps28784Tests.xctest */ = {isa = PBXFileReference; explicitFileType = wrapper.cfbundle; includeInIndex = 0; path = asm_ps28784Tests.xctest; sourceTree = BUILT_PRODUCTS_DIR; };
		00E356F11AD99517003FC87E /* Info.plist */ = {isa = PBXFileReference; lastKnownFileType = text.plist.xml; path = Info.plist; sourceTree = "<group>"; };
		00E356F21AD99517003FC87E /* asm_ps28784Tests.m */ = {isa = PBXFileReference; lastKnownFileType = sourcecode.c.objc; path = asm_ps28784Tests.m; sourceTree = "<group>"; };
		01FA625F09634E57ADC9A6F2 /* Poppins-Bold.ttf */ = {isa = PBXFileReference; explicitFileType = undefined; fileEncoding = 9; includeInIndex = 0; lastKnownFileType = unknown; name = "Poppins-Bold.ttf"; path = "../src/resources/fonts/Poppins-Bold.ttf"; sourceTree = "<group>"; };
		03CFA106732346BD9EE62C29 /* Lato-Bold.ttf */ = {isa = PBXFileReference; explicitFileType = undefined; fileEncoding = 9; includeInIndex = 0; lastKnownFileType = unknown; name = "Lato-Bold.ttf"; path = "../src/resources/fonts/Lato-Bold.ttf"; sourceTree = "<group>"; };
		0C28116E101C47F3B5C3857B /* Poppins-Thin.ttf */ = {isa = PBXFileReference; explicitFileType = undefined; fileEncoding = 9; includeInIndex = 0; lastKnownFileType = unknown; name = "Poppins-Thin.ttf"; path = "../src/resources/fonts/Poppins-Thin.ttf"; sourceTree = "<group>"; };
		0CADBB9066D6465C9AD96F11 /* Poppins-SemiBoldItalic.ttf */ = {isa = PBXFileReference; explicitFileType = undefined; fileEncoding = 9; includeInIndex = 0; lastKnownFileType = unknown; name = "Poppins-SemiBoldItalic.ttf"; path = "../src/resources/fonts/Poppins-SemiBoldItalic.ttf"; sourceTree = "<group>"; };
		10D1E8DE252B4499938D56CC /* Poppins-ExtraBoldItalic.ttf */ = {isa = PBXFileReference; explicitFileType = undefined; fileEncoding = 9; includeInIndex = 0; lastKnownFileType = unknown; name = "Poppins-ExtraBoldItalic.ttf"; path = "../src/resources/fonts/Poppins-ExtraBoldItalic.ttf"; sourceTree = "<group>"; };
		13B07F961A680F5B00A75B9A /* asm_ps28784.app */ = {isa = PBXFileReference; explicitFileType = wrapper.application; includeInIndex = 0; path = asm_ps28784.app; sourceTree = BUILT_PRODUCTS_DIR; };
		13B07FAF1A68108700A75B9A /* AppDelegate.h */ = {isa = PBXFileReference; fileEncoding = 4; lastKnownFileType = sourcecode.c.h; name = AppDelegate.h; path = asm_ps28784/AppDelegate.h; sourceTree = "<group>"; };
		13B07FB01A68108700A75B9A /* AppDelegate.mm */ = {isa = PBXFileReference; fileEncoding = 4; lastKnownFileType = sourcecode.cpp.objcpp; name = AppDelegate.mm; path = asm_ps28784/AppDelegate.mm; sourceTree = "<group>"; };
		13B07FB51A68108700A75B9A /* Images.xcassets */ = {isa = PBXFileReference; lastKnownFileType = folder.assetcatalog; name = Images.xcassets; path = asm_ps28784/Images.xcassets; sourceTree = "<group>"; };
		13B07FB61A68108700A75B9A /* Info.plist */ = {isa = PBXFileReference; fileEncoding = 4; lastKnownFileType = text.plist.xml; name = Info.plist; path = asm_ps28784/Info.plist; sourceTree = "<group>"; };
		13B07FB71A68108700A75B9A /* main.m */ = {isa = PBXFileReference; fileEncoding = 4; lastKnownFileType = sourcecode.c.objc; name = main.m; path = asm_ps28784/main.m; sourceTree = "<group>"; };
		17EE70EEC0DD4DBC9B398C5F /* Lato-LightItalic.ttf */ = {isa = PBXFileReference; explicitFileType = undefined; fileEncoding = 9; includeInIndex = 0; lastKnownFileType = unknown; name = "Lato-LightItalic.ttf"; path = "../src/resources/fonts/Lato-LightItalic.ttf"; sourceTree = "<group>"; };
		19F6CBCC0A4E27FBF8BF4A61 /* libPods-asm_ps28784-asm_ps28784Tests.a */ = {isa = PBXFileReference; explicitFileType = archive.ar; includeInIndex = 0; path = "libPods-asm_ps28784-asm_ps28784Tests.a"; sourceTree = BUILT_PRODUCTS_DIR; };
		1B2873AC6212457AB88139B8 /* Lato-Regular.ttf */ = {isa = PBXFileReference; explicitFileType = undefined; fileEncoding = 9; includeInIndex = 0; lastKnownFileType = unknown; name = "Lato-Regular.ttf"; path = "../src/resources/fonts/Lato-Regular.ttf"; sourceTree = "<group>"; };
		1C707F02FA27499B963EA7A7 /* Lato-ThinItalic.ttf */ = {isa = PBXFileReference; explicitFileType = undefined; fileEncoding = 9; includeInIndex = 0; lastKnownFileType = unknown; name = "Lato-ThinItalic.ttf"; path = "../src/resources/fonts/Lato-ThinItalic.ttf"; sourceTree = "<group>"; };
		1E2FD3399C4B40FB87712DAD /* Poppins-Italic.ttf */ = {isa = PBXFileReference; explicitFileType = undefined; fileEncoding = 9; includeInIndex = 0; lastKnownFileType = unknown; name = "Poppins-Italic.ttf"; path = "../src/resources/fonts/Poppins-Italic.ttf"; sourceTree = "<group>"; };
		356DA46097004C81BE0EAF48 /* Poppins-ThinItalic.ttf */ = {isa = PBXFileReference; explicitFileType = undefined; fileEncoding = 9; includeInIndex = 0; lastKnownFileType = unknown; name = "Poppins-ThinItalic.ttf"; path = "../src/resources/fonts/Poppins-ThinItalic.ttf"; sourceTree = "<group>"; };
		38F0A9362F0D4B149ED07FC2 /* Poppins-BoldItalic.ttf */ = {isa = PBXFileReference; explicitFileType = undefined; fileEncoding = 9; includeInIndex = 0; lastKnownFileType = unknown; name = "Poppins-BoldItalic.ttf"; path = "../src/resources/fonts/Poppins-BoldItalic.ttf"; sourceTree = "<group>"; };
		3B4392A12AC88292D35C810B /* Pods-asm_ps28784.debug.xcconfig */ = {isa = PBXFileReference; includeInIndex = 1; lastKnownFileType = text.xcconfig; name = "Pods-asm_ps28784.debug.xcconfig"; path = "Target Support Files/Pods-asm_ps28784/Pods-asm_ps28784.debug.xcconfig"; sourceTree = "<group>"; };
		3DDFFD75168E44F5BC621B57 /* Poppins-SemiBold.ttf */ = {isa = PBXFileReference; explicitFileType = undefined; fileEncoding = 9; includeInIndex = 0; lastKnownFileType = unknown; name = "Poppins-SemiBold.ttf"; path = "../src/resources/fonts/Poppins-SemiBold.ttf"; sourceTree = "<group>"; };
		3FF6DF0B1B874707ACF98D8D /* Lato-BlackItalic.ttf */ = {isa = PBXFileReference; explicitFileType = undefined; fileEncoding = 9; includeInIndex = 0; lastKnownFileType = unknown; name = "Lato-BlackItalic.ttf"; path = "../src/resources/fonts/Lato-BlackItalic.ttf"; sourceTree = "<group>"; };
		52CBA7E9337044D9B80C42E9 /* Poppins-BlackItalic.ttf */ = {isa = PBXFileReference; explicitFileType = undefined; fileEncoding = 9; includeInIndex = 0; lastKnownFileType = unknown; name = "Poppins-BlackItalic.ttf"; path = "../src/resources/fonts/Poppins-BlackItalic.ttf"; sourceTree = "<group>"; };
		5709B34CF0A7D63546082F79 /* Pods-asm_ps28784.release.xcconfig */ = {isa = PBXFileReference; includeInIndex = 1; lastKnownFileType = text.xcconfig; name = "Pods-asm_ps28784.release.xcconfig"; path = "Target Support Files/Pods-asm_ps28784/Pods-asm_ps28784.release.xcconfig"; sourceTree = "<group>"; };
		5B7EB9410499542E8C5724F5 /* Pods-asm_ps28784-asm_ps28784Tests.debug.xcconfig */ = {isa = PBXFileReference; includeInIndex = 1; lastKnownFileType = text.xcconfig; name = "Pods-asm_ps28784-asm_ps28784Tests.debug.xcconfig"; path = "Target Support Files/Pods-asm_ps28784-asm_ps28784Tests/Pods-asm_ps28784-asm_ps28784Tests.debug.xcconfig"; sourceTree = "<group>"; };
		5D00EB49532B400CBBFDAF4F /* Lato-Thin.ttf */ = {isa = PBXFileReference; explicitFileType = undefined; fileEncoding = 9; includeInIndex = 0; lastKnownFileType = unknown; name = "Lato-Thin.ttf"; path = "../src/resources/fonts/Lato-Thin.ttf"; sourceTree = "<group>"; };
		5D56CCB2CE114A55A293D9BB /* Poppins-LightItalic.ttf */ = {isa = PBXFileReference; explicitFileType = undefined; fileEncoding = 9; includeInIndex = 0; lastKnownFileType = unknown; name = "Poppins-LightItalic.ttf"; path = "../src/resources/fonts/Poppins-LightItalic.ttf"; sourceTree = "<group>"; };
		5DCACB8F33CDC322A6C60F78 /* libPods-asm_ps28784.a */ = {isa = PBXFileReference; explicitFileType = archive.ar; includeInIndex = 0; path = "libPods-asm_ps28784.a"; sourceTree = BUILT_PRODUCTS_DIR; };
		5F1232E4728D4DF2B642F233 /* Poppins-Medium.ttf */ = {isa = PBXFileReference; explicitFileType = undefined; fileEncoding = 9; includeInIndex = 0; lastKnownFileType = unknown; name = "Poppins-Medium.ttf"; path = "../src/resources/fonts/Poppins-Medium.ttf"; sourceTree = "<group>"; };
		6B67BDF2A9A54EFCA3D80BDA /* Poppins-ExtraLight.ttf */ = {isa = PBXFileReference; explicitFileType = undefined; fileEncoding = 9; includeInIndex = 0; lastKnownFileType = unknown; name = "Poppins-ExtraLight.ttf"; path = "../src/resources/fonts/Poppins-ExtraLight.ttf"; sourceTree = "<group>"; };
		7632C9154514485CBA87CE36 /* Poppins-Regular.ttf */ = {isa = PBXFileReference; explicitFileType = undefined; fileEncoding = 9; includeInIndex = 0; lastKnownFileType = unknown; name = "Poppins-Regular.ttf"; path = "../src/resources/fonts/Poppins-Regular.ttf"; sourceTree = "<group>"; };
		7C4A3AAA17AE41C8863D2F4F /* Lato-Italic.ttf */ = {isa = PBXFileReference; explicitFileType = undefined; fileEncoding = 9; includeInIndex = 0; lastKnownFileType = unknown; name = "Lato-Italic.ttf"; path = "../src/resources/fonts/Lato-Italic.ttf"; sourceTree = "<group>"; };
		81AB9BB72411601600AC10FF /* LaunchScreen.storyboard */ = {isa = PBXFileReference; fileEncoding = 4; lastKnownFileType = file.storyboard; name = LaunchScreen.storyboard; path = asm_ps28784/LaunchScreen.storyboard; sourceTree = "<group>"; };
		86E58F0DFE1949F9B56D31E2 /* Lato-Black.ttf */ = {isa = PBXFileReference; explicitFileType = undefined; fileEncoding = 9; includeInIndex = 0; lastKnownFileType = unknown; name = "Lato-Black.ttf"; path = "../src/resources/fonts/Lato-Black.ttf"; sourceTree = "<group>"; };
		89C6BE57DB24E9ADA2F236DE /* Pods-asm_ps28784-asm_ps28784Tests.release.xcconfig */ = {isa = PBXFileReference; includeInIndex = 1; lastKnownFileType = text.xcconfig; name = "Pods-asm_ps28784-asm_ps28784Tests.release.xcconfig"; path = "Target Support Files/Pods-asm_ps28784-asm_ps28784Tests/Pods-asm_ps28784-asm_ps28784Tests.release.xcconfig"; sourceTree = "<group>"; };
		8C8E4BDAE77148F8B527DB15 /* Poppins-Black.ttf */ = {isa = PBXFileReference; explicitFileType = undefined; fileEncoding = 9; includeInIndex = 0; lastKnownFileType = unknown; name = "Poppins-Black.ttf"; path = "../src/resources/fonts/Poppins-Black.ttf"; sourceTree = "<group>"; };
		AFB3BA3DC80341AFB15F1F8C /* Poppins-ExtraBold.ttf */ = {isa = PBXFileReference; explicitFileType = undefined; fileEncoding = 9; includeInIndex = 0; lastKnownFileType = unknown; name = "Poppins-ExtraBold.ttf"; path = "../src/resources/fonts/Poppins-ExtraBold.ttf"; sourceTree = "<group>"; };
		C84760D32BD246F5A07FFAA4 /* Lato-BoldItalic.ttf */ = {isa = PBXFileReference; explicitFileType = undefined; fileEncoding = 9; includeInIndex = 0; lastKnownFileType = unknown; name = "Lato-BoldItalic.ttf"; path = "../src/resources/fonts/Lato-BoldItalic.ttf"; sourceTree = "<group>"; };
		CD2E95613D8C41F2AFC9E7FD /* Poppins-ExtraLightItalic.ttf */ = {isa = PBXFileReference; explicitFileType = undefined; fileEncoding = 9; includeInIndex = 0; lastKnownFileType = unknown; name = "Poppins-ExtraLightItalic.ttf"; path = "../src/resources/fonts/Poppins-ExtraLightItalic.ttf"; sourceTree = "<group>"; };
		E5819AB5BABA4859937A30F1 /* Poppins-Light.ttf */ = {isa = PBXFileReference; explicitFileType = undefined; fileEncoding = 9; includeInIndex = 0; lastKnownFileType = unknown; name = "Poppins-Light.ttf"; path = "../src/resources/fonts/Poppins-Light.ttf"; sourceTree = "<group>"; };
		ED297162215061F000B7C4FE /* JavaScriptCore.framework */ = {isa = PBXFileReference; lastKnownFileType = wrapper.framework; name = JavaScriptCore.framework; path = System/Library/Frameworks/JavaScriptCore.framework; sourceTree = SDKROOT; };
		F029BF487ACA4C9D95548ACE /* Poppins-MediumItalic.ttf */ = {isa = PBXFileReference; explicitFileType = undefined; fileEncoding = 9; includeInIndex = 0; lastKnownFileType = unknown; name = "Poppins-MediumItalic.ttf"; path = "../src/resources/fonts/Poppins-MediumItalic.ttf"; sourceTree = "<group>"; };
		F32EB9A82BC2FF4000D8C2B8 /* Pods.xcodeproj */ = {isa = PBXFileReference; lastKnownFileType = "wrapper.pb-project"; name = Pods.xcodeproj; path = Pods/Pods.xcodeproj; sourceTree = "<group>"; };
		FE88921AE7AC4BC3ADF0994B /* Lato-Light.ttf */ = {isa = PBXFileReference; explicitFileType = undefined; fileEncoding = 9; includeInIndex = 0; lastKnownFileType = unknown; name = "Lato-Light.ttf"; path = "../src/resources/fonts/Lato-Light.ttf"; sourceTree = "<group>"; };
/* End PBXFileReference section */

/* Begin PBXFrameworksBuildPhase section */
		00E356EB1AD99517003FC87E /* Frameworks */ = {
			isa = PBXFrameworksBuildPhase;
			buildActionMask = 2147483647;
			files = (
				7699B88040F8A987B510C191 /* libPods-asm_ps28784-asm_ps28784Tests.a in Frameworks */,
			);
			runOnlyForDeploymentPostprocessing = 0;
		};
		13B07F8C1A680F5B00A75B9A /* Frameworks */ = {
			isa = PBXFrameworksBuildPhase;
			buildActionMask = 2147483647;
			files = (
				0C80B921A6F3F58F76C31292 /* libPods-asm_ps28784.a in Frameworks */,
			);
			runOnlyForDeploymentPostprocessing = 0;
		};
/* End PBXFrameworksBuildPhase section */

/* Begin PBXGroup section */
		00E356EF1AD99517003FC87E /* asm_ps28784Tests */ = {
			isa = PBXGroup;
			children = (
				00E356F21AD99517003FC87E /* asm_ps28784Tests.m */,
				00E356F01AD99517003FC87E /* Supporting Files */,
			);
			path = asm_ps28784Tests;
			sourceTree = "<group>";
		};
		00E356F01AD99517003FC87E /* Supporting Files */ = {
			isa = PBXGroup;
			children = (
				00E356F11AD99517003FC87E /* Info.plist */,
			);
			name = "Supporting Files";
			sourceTree = "<group>";
		};
		13B07FAE1A68108700A75B9A /* asm_ps28784 */ = {
			isa = PBXGroup;
			children = (
				13B07FAF1A68108700A75B9A /* AppDelegate.h */,
				13B07FB01A68108700A75B9A /* AppDelegate.mm */,
				13B07FB51A68108700A75B9A /* Images.xcassets */,
				13B07FB61A68108700A75B9A /* Info.plist */,
				81AB9BB72411601600AC10FF /* LaunchScreen.storyboard */,
				13B07FB71A68108700A75B9A /* main.m */,
			);
			name = asm_ps28784;
			sourceTree = "<group>";
		};
		2D16E6871FA4F8E400B85C8A /* Frameworks */ = {
			isa = PBXGroup;
			children = (
				ED297162215061F000B7C4FE /* JavaScriptCore.framework */,
				5DCACB8F33CDC322A6C60F78 /* libPods-asm_ps28784.a */,
				19F6CBCC0A4E27FBF8BF4A61 /* libPods-asm_ps28784-asm_ps28784Tests.a */,
			);
			name = Frameworks;
			sourceTree = "<group>";
		};
		3A26F5525BAA4A1098A90D9F /* Resources */ = {
			isa = PBXGroup;
			children = (
				F32EB9A82BC2FF4000D8C2B8 /* Pods.xcodeproj */,
				86E58F0DFE1949F9B56D31E2 /* Lato-Black.ttf */,
				3FF6DF0B1B874707ACF98D8D /* Lato-BlackItalic.ttf */,
				03CFA106732346BD9EE62C29 /* Lato-Bold.ttf */,
				C84760D32BD246F5A07FFAA4 /* Lato-BoldItalic.ttf */,
				7C4A3AAA17AE41C8863D2F4F /* Lato-Italic.ttf */,
				FE88921AE7AC4BC3ADF0994B /* Lato-Light.ttf */,
				17EE70EEC0DD4DBC9B398C5F /* Lato-LightItalic.ttf */,
				1B2873AC6212457AB88139B8 /* Lato-Regular.ttf */,
				5D00EB49532B400CBBFDAF4F /* Lato-Thin.ttf */,
				1C707F02FA27499B963EA7A7 /* Lato-ThinItalic.ttf */,
				8C8E4BDAE77148F8B527DB15 /* Poppins-Black.ttf */,
				52CBA7E9337044D9B80C42E9 /* Poppins-BlackItalic.ttf */,
				01FA625F09634E57ADC9A6F2 /* Poppins-Bold.ttf */,
				38F0A9362F0D4B149ED07FC2 /* Poppins-BoldItalic.ttf */,
				AFB3BA3DC80341AFB15F1F8C /* Poppins-ExtraBold.ttf */,
				10D1E8DE252B4499938D56CC /* Poppins-ExtraBoldItalic.ttf */,
				6B67BDF2A9A54EFCA3D80BDA /* Poppins-ExtraLight.ttf */,
				CD2E95613D8C41F2AFC9E7FD /* Poppins-ExtraLightItalic.ttf */,
				1E2FD3399C4B40FB87712DAD /* Poppins-Italic.ttf */,
				E5819AB5BABA4859937A30F1 /* Poppins-Light.ttf */,
				5D56CCB2CE114A55A293D9BB /* Poppins-LightItalic.ttf */,
				5F1232E4728D4DF2B642F233 /* Poppins-Medium.ttf */,
				F029BF487ACA4C9D95548ACE /* Poppins-MediumItalic.ttf */,
				7632C9154514485CBA87CE36 /* Poppins-Regular.ttf */,
				3DDFFD75168E44F5BC621B57 /* Poppins-SemiBold.ttf */,
				0CADBB9066D6465C9AD96F11 /* Poppins-SemiBoldItalic.ttf */,
				0C28116E101C47F3B5C3857B /* Poppins-Thin.ttf */,
				356DA46097004C81BE0EAF48 /* Poppins-ThinItalic.ttf */,
			);
			name = Resources;
			sourceTree = "<group>";
		};
		832341AE1AAA6A7D00B99B32 /* Libraries */ = {
			isa = PBXGroup;
			children = (
			);
			name = Libraries;
			sourceTree = "<group>";
		};
		83CBB9F61A601CBA00E9B192 = {
			isa = PBXGroup;
			children = (
				13B07FAE1A68108700A75B9A /* asm_ps28784 */,
				832341AE1AAA6A7D00B99B32 /* Libraries */,
				00E356EF1AD99517003FC87E /* asm_ps28784Tests */,
				83CBBA001A601CBA00E9B192 /* Products */,
				2D16E6871FA4F8E400B85C8A /* Frameworks */,
				BBD78D7AC51CEA395F1C20DB /* Pods */,
				3A26F5525BAA4A1098A90D9F /* Resources */,
			);
			indentWidth = 2;
			sourceTree = "<group>";
			tabWidth = 2;
			usesTabs = 0;
		};
		83CBBA001A601CBA00E9B192 /* Products */ = {
			isa = PBXGroup;
			children = (
				13B07F961A680F5B00A75B9A /* asm_ps28784.app */,
				00E356EE1AD99517003FC87E /* asm_ps28784Tests.xctest */,
			);
			name = Products;
			sourceTree = "<group>";
		};
		BBD78D7AC51CEA395F1C20DB /* Pods */ = {
			isa = PBXGroup;
			children = (
				3B4392A12AC88292D35C810B /* Pods-asm_ps28784.debug.xcconfig */,
				5709B34CF0A7D63546082F79 /* Pods-asm_ps28784.release.xcconfig */,
				5B7EB9410499542E8C5724F5 /* Pods-asm_ps28784-asm_ps28784Tests.debug.xcconfig */,
				89C6BE57DB24E9ADA2F236DE /* Pods-asm_ps28784-asm_ps28784Tests.release.xcconfig */,
			);
			path = Pods;
			sourceTree = "<group>";
		};
		F32EB9A92BC2FF4000D8C2B8 /* Products */ = {
			isa = PBXGroup;
			children = (
				F32EB9F62BC2FF4000D8C2B8 /* BEMCheckBox */,
				F32EB9F82BC2FF4000D8C2B8 /* BVLinearGradient */,
				F32EB9FA2BC2FF4000D8C2B8 /* CocoaAsyncSocket */,
				F32EB9FC2BC2FF4000D8C2B8 /* DoubleConversion */,
				F32EB9FE2BC2FF4000D8C2B8 /* Flipper */,
				F32EBA002BC2FF4000D8C2B8 /* Flipper-Boost-iOSX */,
				F32EBA022BC2FF4000D8C2B8 /* Flipper-Fmt */,
				F32EBA042BC2FF4000D8C2B8 /* Flipper-Folly */,
				F32EBA062BC2FF4000D8C2B8 /* Flipper-PeerTalk */,
				F32EBA082BC2FF4000D8C2B8 /* FlipperKit */,
				F32EBA0A2BC2FF4000D8C2B8 /* fmt */,
				F32EBA0C2BC2FF4000D8C2B8 /* glog */,
				F32EBA0E2BC2FF4000D8C2B8 /* libevent */,
				F32EBA102BC2FF4000D8C2B8 /* lottie-ios */,
				F32EBA122BC2FF4000D8C2B8 /* lottie-ios-LottiePrivacyInfo */,
				F32EBA142BC2FF4000D8C2B8 /* lottie-react-native */,
				F32EBA162BC2FF4000D8C2B8 /* lottie-react-native-Lottie_React_Native_Privacy */,
				F32EBA182BC2FF4000D8C2B8 /* Pods-asm_ps28784 */,
				F32EBA1A2BC2FF4000D8C2B8 /* Pods-asm_ps28784-asm_ps28784Tests */,
				F32EBA1C2BC2FF4000D8C2B8 /* RCT-Folly */,
				F32EBA1E2BC2FF4000D8C2B8 /* RCTTypeSafety */,
				F32EBA202BC2FF4000D8C2B8 /* React-Codegen */,
				F32EBA222BC2FF4000D8C2B8 /* React-Core */,
				F32EBA242BC2FF4000D8C2B8 /* React-Core-RCTI18nStrings */,
				F32EBA262BC2FF4000D8C2B8 /* React-CoreModules */,
				F32EBA282BC2FF4000D8C2B8 /* React-cxxreact */,
				F32EBA2A2BC2FF4000D8C2B8 /* React-debug */,
				F32EBA2C2BC2FF4000D8C2B8 /* React-Fabric */,
				F32EBA2E2BC2FF4000D8C2B8 /* React-FabricImage */,
				F32EBA302BC2FF4000D8C2B8 /* React-graphics */,
				F32EBA322BC2FF4000D8C2B8 /* React-hermes */,
				F32EBA342BC2FF4000D8C2B8 /* React-ImageManager */,
				F32EBA362BC2FF4000D8C2B8 /* React-jserrorhandler */,
				F32EBA382BC2FF4000D8C2B8 /* React-jsi */,
				F32EBA3A2BC2FF4000D8C2B8 /* React-jsiexecutor */,
				F32EBA3C2BC2FF4000D8C2B8 /* React-jsinspector */,
				F32EBA3E2BC2FF4000D8C2B8 /* React-logger */,
				F32EBA402BC2FF4000D8C2B8 /* React-Mapbuffer */,
				F3F2A17E2BC37983009C1DA6 /* react-native-flipper */,
				F32EBA422BC2FF4000D8C2B8 /* react-native-safe-area-context */,
				F32EBA442BC2FF4000D8C2B8 /* React-nativeconfig */,
				F32EBA462BC2FF4000D8C2B8 /* React-NativeModulesApple */,
				F32EBA482BC2FF4000D8C2B8 /* React-perflogger */,
				F32EBA4A2BC2FF4000D8C2B8 /* React-RCTAnimation */,
				F32EBA4C2BC2FF4000D8C2B8 /* React-RCTAppDelegate */,
				F32EBA4E2BC2FF4000D8C2B8 /* React-RCTBlob */,
				F32EBA502BC2FF4000D8C2B8 /* React-RCTFabric */,
				F32EBA522BC2FF4000D8C2B8 /* React-RCTImage */,
				F32EBA542BC2FF4000D8C2B8 /* React-RCTLinking */,
				F32EBA562BC2FF4000D8C2B8 /* React-RCTNetwork */,
				F32EBA582BC2FF4000D8C2B8 /* React-RCTSettings */,
				F32EBA5A2BC2FF4000D8C2B8 /* React-RCTText */,
				F32EBA5C2BC2FF4000D8C2B8 /* React-RCTVibration */,
				F32EBA5E2BC2FF4000D8C2B8 /* React-rendererdebug */,
				F32EBA602BC2FF4000D8C2B8 /* React-runtimescheduler */,
				F32EBA622BC2FF4000D8C2B8 /* React-utils */,
				F32EBA642BC2FF4000D8C2B8 /* ReactCommon */,
				F32EBA662BC2FF4000D8C2B8 /* RNCCheckbox */,
				F32EBA682BC2FF4000D8C2B8 /* RNReanimated */,
				F32EBA6A2BC2FF4000D8C2B8 /* RNScreens */,
				F32EBA6C2BC2FF4000D8C2B8 /* SocketRocket */,
				F32EBA6E2BC2FF4000D8C2B8 /* Yoga */,
			);
			name = Products;
			sourceTree = "<group>";
		};
/* End PBXGroup section */

/* Begin PBXNativeTarget section */
		00E356ED1AD99517003FC87E /* asm_ps28784Tests */ = {
			isa = PBXNativeTarget;
			buildConfigurationList = 00E357021AD99517003FC87E /* Build configuration list for PBXNativeTarget "asm_ps28784Tests" */;
			buildPhases = (
				A55EABD7B0C7F3A422A6CC61 /* [CP] Check Pods Manifest.lock */,
				00E356EA1AD99517003FC87E /* Sources */,
				00E356EB1AD99517003FC87E /* Frameworks */,
				00E356EC1AD99517003FC87E /* Resources */,
				C59DA0FBD6956966B86A3779 /* [CP] Embed Pods Frameworks */,
				F6A41C54EA430FDDC6A6ED99 /* [CP] Copy Pods Resources */,
			);
			buildRules = (
			);
			dependencies = (
				00E356F51AD99517003FC87E /* PBXTargetDependency */,
			);
			name = asm_ps28784Tests;
			productName = asm_ps28784Tests;
			productReference = 00E356EE1AD99517003FC87E /* asm_ps28784Tests.xctest */;
			productType = "com.apple.product-type.bundle.unit-test";
		};
		13B07F861A680F5B00A75B9A /* asm_ps28784 */ = {
			isa = PBXNativeTarget;
			buildConfigurationList = 13B07F931A680F5B00A75B9A /* Build configuration list for PBXNativeTarget "asm_ps28784" */;
			buildPhases = (
				C38B50BA6285516D6DCD4F65 /* [CP] Check Pods Manifest.lock */,
				13B07F871A680F5B00A75B9A /* Sources */,
				13B07F8C1A680F5B00A75B9A /* Frameworks */,
				13B07F8E1A680F5B00A75B9A /* Resources */,
				00DD1BFF1BD5951E006B06BC /* Bundle React Native code and images */,
				00EEFC60759A1932668264C0 /* [CP] Embed Pods Frameworks */,
				E235C05ADACE081382539298 /* [CP] Copy Pods Resources */,
			);
			buildRules = (
			);
			dependencies = (
			);
			name = asm_ps28784;
			productName = asm_ps28784;
			productReference = 13B07F961A680F5B00A75B9A /* asm_ps28784.app */;
			productType = "com.apple.product-type.application";
		};
/* End PBXNativeTarget section */

/* Begin PBXProject section */
		83CBB9F71A601CBA00E9B192 /* Project object */ = {
			isa = PBXProject;
			attributes = {
				LastUpgradeCheck = 1210;
				TargetAttributes = {
					00E356ED1AD99517003FC87E = {
						CreatedOnToolsVersion = 6.2;
						TestTargetID = 13B07F861A680F5B00A75B9A;
					};
					13B07F861A680F5B00A75B9A = {
						LastSwiftMigration = 1120;
					};
				};
			};
			buildConfigurationList = 83CBB9FA1A601CBA00E9B192 /* Build configuration list for PBXProject "asm_ps28784" */;
			compatibilityVersion = "Xcode 12.0";
			developmentRegion = en;
			hasScannedForEncodings = 0;
			knownRegions = (
				en,
				Base,
			);
			mainGroup = 83CBB9F61A601CBA00E9B192;
			productRefGroup = 83CBBA001A601CBA00E9B192 /* Products */;
			projectDirPath = "";
			projectReferences = (
				{
					ProductGroup = F32EB9A92BC2FF4000D8C2B8 /* Products */;
					ProjectRef = F32EB9A82BC2FF4000D8C2B8 /* Pods.xcodeproj */;
				},
			);
			projectRoot = "";
			targets = (
				13B07F861A680F5B00A75B9A /* asm_ps28784 */,
				00E356ED1AD99517003FC87E /* asm_ps28784Tests */,
			);
		};
/* End PBXProject section */

/* Begin PBXReferenceProxy section */
		F32EB9F62BC2FF4000D8C2B8 /* BEMCheckBox */ = {
			isa = PBXReferenceProxy;
			fileType = archive.ar;
			name = BEMCheckBox;
			path = libBEMCheckBox.a;
			remoteRef = F32EB9F52BC2FF4000D8C2B8 /* PBXContainerItemProxy */;
			sourceTree = BUILT_PRODUCTS_DIR;
		};
		F32EB9F82BC2FF4000D8C2B8 /* BVLinearGradient */ = {
			isa = PBXReferenceProxy;
			fileType = archive.ar;
			name = BVLinearGradient;
			path = libBVLinearGradient.a;
			remoteRef = F32EB9F72BC2FF4000D8C2B8 /* PBXContainerItemProxy */;
			sourceTree = BUILT_PRODUCTS_DIR;
		};
		F32EB9FA2BC2FF4000D8C2B8 /* CocoaAsyncSocket */ = {
			isa = PBXReferenceProxy;
			fileType = archive.ar;
			name = CocoaAsyncSocket;
			path = libCocoaAsyncSocket.a;
			remoteRef = F32EB9F92BC2FF4000D8C2B8 /* PBXContainerItemProxy */;
			sourceTree = BUILT_PRODUCTS_DIR;
		};
		F32EB9FC2BC2FF4000D8C2B8 /* DoubleConversion */ = {
			isa = PBXReferenceProxy;
			fileType = archive.ar;
			name = DoubleConversion;
			path = libDoubleConversion.a;
			remoteRef = F32EB9FB2BC2FF4000D8C2B8 /* PBXContainerItemProxy */;
			sourceTree = BUILT_PRODUCTS_DIR;
		};
		F32EB9FE2BC2FF4000D8C2B8 /* Flipper */ = {
			isa = PBXReferenceProxy;
			fileType = archive.ar;
			name = Flipper;
			path = libFlipper.a;
			remoteRef = F32EB9FD2BC2FF4000D8C2B8 /* PBXContainerItemProxy */;
			sourceTree = BUILT_PRODUCTS_DIR;
		};
		F32EBA002BC2FF4000D8C2B8 /* Flipper-Boost-iOSX */ = {
			isa = PBXReferenceProxy;
			fileType = archive.ar;
			name = "Flipper-Boost-iOSX";
			path = "libFlipper-Boost-iOSX.a";
			remoteRef = F32EB9FF2BC2FF4000D8C2B8 /* PBXContainerItemProxy */;
			sourceTree = BUILT_PRODUCTS_DIR;
		};
		F32EBA022BC2FF4000D8C2B8 /* Flipper-Fmt */ = {
			isa = PBXReferenceProxy;
			fileType = archive.ar;
			name = "Flipper-Fmt";
			path = "libFlipper-Fmt.a";
			remoteRef = F32EBA012BC2FF4000D8C2B8 /* PBXContainerItemProxy */;
			sourceTree = BUILT_PRODUCTS_DIR;
		};
		F32EBA042BC2FF4000D8C2B8 /* Flipper-Folly */ = {
			isa = PBXReferenceProxy;
			fileType = archive.ar;
			name = "Flipper-Folly";
			path = "libFlipper-Folly.a";
			remoteRef = F32EBA032BC2FF4000D8C2B8 /* PBXContainerItemProxy */;
			sourceTree = BUILT_PRODUCTS_DIR;
		};
		F32EBA062BC2FF4000D8C2B8 /* Flipper-PeerTalk */ = {
			isa = PBXReferenceProxy;
			fileType = archive.ar;
			name = "Flipper-PeerTalk";
			path = "libFlipper-PeerTalk.a";
			remoteRef = F32EBA052BC2FF4000D8C2B8 /* PBXContainerItemProxy */;
			sourceTree = BUILT_PRODUCTS_DIR;
		};
		F32EBA082BC2FF4000D8C2B8 /* FlipperKit */ = {
			isa = PBXReferenceProxy;
			fileType = archive.ar;
			name = FlipperKit;
			path = libFlipperKit.a;
			remoteRef = F32EBA072BC2FF4000D8C2B8 /* PBXContainerItemProxy */;
			sourceTree = BUILT_PRODUCTS_DIR;
		};
		F32EBA0A2BC2FF4000D8C2B8 /* fmt */ = {
			isa = PBXReferenceProxy;
			fileType = archive.ar;
			name = fmt;
			path = libfmt.a;
			remoteRef = F32EBA092BC2FF4000D8C2B8 /* PBXContainerItemProxy */;
			sourceTree = BUILT_PRODUCTS_DIR;
		};
		F32EBA0C2BC2FF4000D8C2B8 /* glog */ = {
			isa = PBXReferenceProxy;
			fileType = archive.ar;
			name = glog;
			path = libglog.a;
			remoteRef = F32EBA0B2BC2FF4000D8C2B8 /* PBXContainerItemProxy */;
			sourceTree = BUILT_PRODUCTS_DIR;
		};
		F32EBA0E2BC2FF4000D8C2B8 /* libevent */ = {
			isa = PBXReferenceProxy;
			fileType = archive.ar;
			name = libevent;
			path = liblibevent.a;
			remoteRef = F32EBA0D2BC2FF4000D8C2B8 /* PBXContainerItemProxy */;
			sourceTree = BUILT_PRODUCTS_DIR;
		};
		F32EBA102BC2FF4000D8C2B8 /* lottie-ios */ = {
			isa = PBXReferenceProxy;
			fileType = archive.ar;
			name = "lottie-ios";
			path = "liblottie-ios.a";
			remoteRef = F32EBA0F2BC2FF4000D8C2B8 /* PBXContainerItemProxy */;
			sourceTree = BUILT_PRODUCTS_DIR;
		};
		F32EBA122BC2FF4000D8C2B8 /* lottie-ios-LottiePrivacyInfo */ = {
			isa = PBXReferenceProxy;
			fileType = wrapper.cfbundle;
			name = "lottie-ios-LottiePrivacyInfo";
			path = LottiePrivacyInfo.bundle;
			remoteRef = F32EBA112BC2FF4000D8C2B8 /* PBXContainerItemProxy */;
			sourceTree = BUILT_PRODUCTS_DIR;
		};
		F32EBA142BC2FF4000D8C2B8 /* lottie-react-native */ = {
			isa = PBXReferenceProxy;
			fileType = archive.ar;
			name = "lottie-react-native";
			path = "liblottie-react-native.a";
			remoteRef = F32EBA132BC2FF4000D8C2B8 /* PBXContainerItemProxy */;
			sourceTree = BUILT_PRODUCTS_DIR;
		};
		F32EBA162BC2FF4000D8C2B8 /* lottie-react-native-Lottie_React_Native_Privacy */ = {
			isa = PBXReferenceProxy;
			fileType = wrapper.cfbundle;
			name = "lottie-react-native-Lottie_React_Native_Privacy";
			path = Lottie_React_Native_Privacy.bundle;
			remoteRef = F32EBA152BC2FF4000D8C2B8 /* PBXContainerItemProxy */;
			sourceTree = BUILT_PRODUCTS_DIR;
		};
		F32EBA182BC2FF4000D8C2B8 /* Pods-asm_ps28784 */ = {
			isa = PBXReferenceProxy;
			fileType = archive.ar;
			name = "Pods-asm_ps28784";
			path = "libPods-asm_ps28784.a";
			remoteRef = F32EBA172BC2FF4000D8C2B8 /* PBXContainerItemProxy */;
			sourceTree = BUILT_PRODUCTS_DIR;
		};
		F32EBA1A2BC2FF4000D8C2B8 /* Pods-asm_ps28784-asm_ps28784Tests */ = {
			isa = PBXReferenceProxy;
			fileType = archive.ar;
			name = "Pods-asm_ps28784-asm_ps28784Tests";
			path = "libPods-asm_ps28784-asm_ps28784Tests.a";
			remoteRef = F32EBA192BC2FF4000D8C2B8 /* PBXContainerItemProxy */;
			sourceTree = BUILT_PRODUCTS_DIR;
		};
		F32EBA1C2BC2FF4000D8C2B8 /* RCT-Folly */ = {
			isa = PBXReferenceProxy;
			fileType = archive.ar;
			name = "RCT-Folly";
			path = "libRCT-Folly.a";
			remoteRef = F32EBA1B2BC2FF4000D8C2B8 /* PBXContainerItemProxy */;
			sourceTree = BUILT_PRODUCTS_DIR;
		};
		F32EBA1E2BC2FF4000D8C2B8 /* RCTTypeSafety */ = {
			isa = PBXReferenceProxy;
			fileType = archive.ar;
			name = RCTTypeSafety;
			path = libRCTTypeSafety.a;
			remoteRef = F32EBA1D2BC2FF4000D8C2B8 /* PBXContainerItemProxy */;
			sourceTree = BUILT_PRODUCTS_DIR;
		};
		F32EBA202BC2FF4000D8C2B8 /* React-Codegen */ = {
			isa = PBXReferenceProxy;
			fileType = archive.ar;
			name = "React-Codegen";
			path = "libReact-Codegen.a";
			remoteRef = F32EBA1F2BC2FF4000D8C2B8 /* PBXContainerItemProxy */;
			sourceTree = BUILT_PRODUCTS_DIR;
		};
		F32EBA222BC2FF4000D8C2B8 /* React-Core */ = {
			isa = PBXReferenceProxy;
			fileType = archive.ar;
			name = "React-Core";
			path = "libReact-Core.a";
			remoteRef = F32EBA212BC2FF4000D8C2B8 /* PBXContainerItemProxy */;
			sourceTree = BUILT_PRODUCTS_DIR;
		};
		F32EBA242BC2FF4000D8C2B8 /* React-Core-RCTI18nStrings */ = {
			isa = PBXReferenceProxy;
			fileType = wrapper.cfbundle;
			name = "React-Core-RCTI18nStrings";
			path = RCTI18nStrings.bundle;
			remoteRef = F32EBA232BC2FF4000D8C2B8 /* PBXContainerItemProxy */;
			sourceTree = BUILT_PRODUCTS_DIR;
		};
		F32EBA262BC2FF4000D8C2B8 /* React-CoreModules */ = {
			isa = PBXReferenceProxy;
			fileType = archive.ar;
			name = "React-CoreModules";
			path = "libReact-CoreModules.a";
			remoteRef = F32EBA252BC2FF4000D8C2B8 /* PBXContainerItemProxy */;
			sourceTree = BUILT_PRODUCTS_DIR;
		};
		F32EBA282BC2FF4000D8C2B8 /* React-cxxreact */ = {
			isa = PBXReferenceProxy;
			fileType = archive.ar;
			name = "React-cxxreact";
			path = "libReact-cxxreact.a";
			remoteRef = F32EBA272BC2FF4000D8C2B8 /* PBXContainerItemProxy */;
			sourceTree = BUILT_PRODUCTS_DIR;
		};
		F32EBA2A2BC2FF4000D8C2B8 /* React-debug */ = {
			isa = PBXReferenceProxy;
			fileType = archive.ar;
			name = "React-debug";
			path = "libReact-debug.a";
			remoteRef = F32EBA292BC2FF4000D8C2B8 /* PBXContainerItemProxy */;
			sourceTree = BUILT_PRODUCTS_DIR;
		};
		F32EBA2C2BC2FF4000D8C2B8 /* React-Fabric */ = {
			isa = PBXReferenceProxy;
			fileType = archive.ar;
			name = "React-Fabric";
			path = "libReact-Fabric.a";
			remoteRef = F32EBA2B2BC2FF4000D8C2B8 /* PBXContainerItemProxy */;
			sourceTree = BUILT_PRODUCTS_DIR;
		};
		F32EBA2E2BC2FF4000D8C2B8 /* React-FabricImage */ = {
			isa = PBXReferenceProxy;
			fileType = archive.ar;
			name = "React-FabricImage";
			path = "libReact-FabricImage.a";
			remoteRef = F32EBA2D2BC2FF4000D8C2B8 /* PBXContainerItemProxy */;
			sourceTree = BUILT_PRODUCTS_DIR;
		};
		F32EBA302BC2FF4000D8C2B8 /* React-graphics */ = {
			isa = PBXReferenceProxy;
			fileType = archive.ar;
			name = "React-graphics";
			path = "libReact-graphics.a";
			remoteRef = F32EBA2F2BC2FF4000D8C2B8 /* PBXContainerItemProxy */;
			sourceTree = BUILT_PRODUCTS_DIR;
		};
		F32EBA322BC2FF4000D8C2B8 /* React-hermes */ = {
			isa = PBXReferenceProxy;
			fileType = archive.ar;
			name = "React-hermes";
			path = "libReact-hermes.a";
			remoteRef = F32EBA312BC2FF4000D8C2B8 /* PBXContainerItemProxy */;
			sourceTree = BUILT_PRODUCTS_DIR;
		};
		F32EBA342BC2FF4000D8C2B8 /* React-ImageManager */ = {
			isa = PBXReferenceProxy;
			fileType = archive.ar;
			name = "React-ImageManager";
			path = "libReact-ImageManager.a";
			remoteRef = F32EBA332BC2FF4000D8C2B8 /* PBXContainerItemProxy */;
			sourceTree = BUILT_PRODUCTS_DIR;
		};
		F32EBA362BC2FF4000D8C2B8 /* React-jserrorhandler */ = {
			isa = PBXReferenceProxy;
			fileType = archive.ar;
			name = "React-jserrorhandler";
			path = "libReact-jserrorhandler.a";
			remoteRef = F32EBA352BC2FF4000D8C2B8 /* PBXContainerItemProxy */;
			sourceTree = BUILT_PRODUCTS_DIR;
		};
		F32EBA382BC2FF4000D8C2B8 /* React-jsi */ = {
			isa = PBXReferenceProxy;
			fileType = archive.ar;
			name = "React-jsi";
			path = "libReact-jsi.a";
			remoteRef = F32EBA372BC2FF4000D8C2B8 /* PBXContainerItemProxy */;
			sourceTree = BUILT_PRODUCTS_DIR;
		};
		F32EBA3A2BC2FF4000D8C2B8 /* React-jsiexecutor */ = {
			isa = PBXReferenceProxy;
			fileType = archive.ar;
			name = "React-jsiexecutor";
			path = "libReact-jsiexecutor.a";
			remoteRef = F32EBA392BC2FF4000D8C2B8 /* PBXContainerItemProxy */;
			sourceTree = BUILT_PRODUCTS_DIR;
		};
		F32EBA3C2BC2FF4000D8C2B8 /* React-jsinspector */ = {
			isa = PBXReferenceProxy;
			fileType = archive.ar;
			name = "React-jsinspector";
			path = "libReact-jsinspector.a";
			remoteRef = F32EBA3B2BC2FF4000D8C2B8 /* PBXContainerItemProxy */;
			sourceTree = BUILT_PRODUCTS_DIR;
		};
		F32EBA3E2BC2FF4000D8C2B8 /* React-logger */ = {
			isa = PBXReferenceProxy;
			fileType = archive.ar;
			name = "React-logger";
			path = "libReact-logger.a";
			remoteRef = F32EBA3D2BC2FF4000D8C2B8 /* PBXContainerItemProxy */;
			sourceTree = BUILT_PRODUCTS_DIR;
		};
		F32EBA402BC2FF4000D8C2B8 /* React-Mapbuffer */ = {
			isa = PBXReferenceProxy;
			fileType = archive.ar;
			name = "React-Mapbuffer";
			path = "libReact-Mapbuffer.a";
			remoteRef = F32EBA3F2BC2FF4000D8C2B8 /* PBXContainerItemProxy */;
			sourceTree = BUILT_PRODUCTS_DIR;
		};
		F32EBA422BC2FF4000D8C2B8 /* react-native-safe-area-context */ = {
			isa = PBXReferenceProxy;
			fileType = archive.ar;
			name = "react-native-safe-area-context";
			path = "libreact-native-safe-area-context.a";
			remoteRef = F32EBA412BC2FF4000D8C2B8 /* PBXContainerItemProxy */;
			sourceTree = BUILT_PRODUCTS_DIR;
		};
		F32EBA442BC2FF4000D8C2B8 /* React-nativeconfig */ = {
			isa = PBXReferenceProxy;
			fileType = archive.ar;
			name = "React-nativeconfig";
			path = "libReact-nativeconfig.a";
			remoteRef = F32EBA432BC2FF4000D8C2B8 /* PBXContainerItemProxy */;
			sourceTree = BUILT_PRODUCTS_DIR;
		};
		F32EBA462BC2FF4000D8C2B8 /* React-NativeModulesApple */ = {
			isa = PBXReferenceProxy;
			fileType = archive.ar;
			name = "React-NativeModulesApple";
			path = "libReact-NativeModulesApple.a";
			remoteRef = F32EBA452BC2FF4000D8C2B8 /* PBXContainerItemProxy */;
			sourceTree = BUILT_PRODUCTS_DIR;
		};
		F32EBA482BC2FF4000D8C2B8 /* React-perflogger */ = {
			isa = PBXReferenceProxy;
			fileType = archive.ar;
			name = "React-perflogger";
			path = "libReact-perflogger.a";
			remoteRef = F32EBA472BC2FF4000D8C2B8 /* PBXContainerItemProxy */;
			sourceTree = BUILT_PRODUCTS_DIR;
		};
		F32EBA4A2BC2FF4000D8C2B8 /* React-RCTAnimation */ = {
			isa = PBXReferenceProxy;
			fileType = archive.ar;
			name = "React-RCTAnimation";
			path = "libReact-RCTAnimation.a";
			remoteRef = F32EBA492BC2FF4000D8C2B8 /* PBXContainerItemProxy */;
			sourceTree = BUILT_PRODUCTS_DIR;
		};
		F32EBA4C2BC2FF4000D8C2B8 /* React-RCTAppDelegate */ = {
			isa = PBXReferenceProxy;
			fileType = archive.ar;
			name = "React-RCTAppDelegate";
			path = "libReact-RCTAppDelegate.a";
			remoteRef = F32EBA4B2BC2FF4000D8C2B8 /* PBXContainerItemProxy */;
			sourceTree = BUILT_PRODUCTS_DIR;
		};
		F32EBA4E2BC2FF4000D8C2B8 /* React-RCTBlob */ = {
			isa = PBXReferenceProxy;
			fileType = archive.ar;
			name = "React-RCTBlob";
			path = "libReact-RCTBlob.a";
			remoteRef = F32EBA4D2BC2FF4000D8C2B8 /* PBXContainerItemProxy */;
			sourceTree = BUILT_PRODUCTS_DIR;
		};
		F32EBA502BC2FF4000D8C2B8 /* React-RCTFabric */ = {
			isa = PBXReferenceProxy;
			fileType = archive.ar;
			name = "React-RCTFabric";
			path = "libReact-RCTFabric.a";
			remoteRef = F32EBA4F2BC2FF4000D8C2B8 /* PBXContainerItemProxy */;
			sourceTree = BUILT_PRODUCTS_DIR;
		};
		F32EBA522BC2FF4000D8C2B8 /* React-RCTImage */ = {
			isa = PBXReferenceProxy;
			fileType = archive.ar;
			name = "React-RCTImage";
			path = "libReact-RCTImage.a";
			remoteRef = F32EBA512BC2FF4000D8C2B8 /* PBXContainerItemProxy */;
			sourceTree = BUILT_PRODUCTS_DIR;
		};
		F32EBA542BC2FF4000D8C2B8 /* React-RCTLinking */ = {
			isa = PBXReferenceProxy;
			fileType = archive.ar;
			name = "React-RCTLinking";
			path = "libReact-RCTLinking.a";
			remoteRef = F32EBA532BC2FF4000D8C2B8 /* PBXContainerItemProxy */;
			sourceTree = BUILT_PRODUCTS_DIR;
		};
		F32EBA562BC2FF4000D8C2B8 /* React-RCTNetwork */ = {
			isa = PBXReferenceProxy;
			fileType = archive.ar;
			name = "React-RCTNetwork";
			path = "libReact-RCTNetwork.a";
			remoteRef = F32EBA552BC2FF4000D8C2B8 /* PBXContainerItemProxy */;
			sourceTree = BUILT_PRODUCTS_DIR;
		};
		F32EBA582BC2FF4000D8C2B8 /* React-RCTSettings */ = {
			isa = PBXReferenceProxy;
			fileType = archive.ar;
			name = "React-RCTSettings";
			path = "libReact-RCTSettings.a";
			remoteRef = F32EBA572BC2FF4000D8C2B8 /* PBXContainerItemProxy */;
			sourceTree = BUILT_PRODUCTS_DIR;
		};
		F32EBA5A2BC2FF4000D8C2B8 /* React-RCTText */ = {
			isa = PBXReferenceProxy;
			fileType = archive.ar;
			name = "React-RCTText";
			path = "libReact-RCTText.a";
			remoteRef = F32EBA592BC2FF4000D8C2B8 /* PBXContainerItemProxy */;
			sourceTree = BUILT_PRODUCTS_DIR;
		};
		F32EBA5C2BC2FF4000D8C2B8 /* React-RCTVibration */ = {
			isa = PBXReferenceProxy;
			fileType = archive.ar;
			name = "React-RCTVibration";
			path = "libReact-RCTVibration.a";
			remoteRef = F32EBA5B2BC2FF4000D8C2B8 /* PBXContainerItemProxy */;
			sourceTree = BUILT_PRODUCTS_DIR;
		};
		F32EBA5E2BC2FF4000D8C2B8 /* React-rendererdebug */ = {
			isa = PBXReferenceProxy;
			fileType = archive.ar;
			name = "React-rendererdebug";
			path = "libReact-rendererdebug.a";
			remoteRef = F32EBA5D2BC2FF4000D8C2B8 /* PBXContainerItemProxy */;
			sourceTree = BUILT_PRODUCTS_DIR;
		};
		F32EBA602BC2FF4000D8C2B8 /* React-runtimescheduler */ = {
			isa = PBXReferenceProxy;
			fileType = archive.ar;
			name = "React-runtimescheduler";
			path = "libReact-runtimescheduler.a";
			remoteRef = F32EBA5F2BC2FF4000D8C2B8 /* PBXContainerItemProxy */;
			sourceTree = BUILT_PRODUCTS_DIR;
		};
		F32EBA622BC2FF4000D8C2B8 /* React-utils */ = {
			isa = PBXReferenceProxy;
			fileType = archive.ar;
			name = "React-utils";
			path = "libReact-utils.a";
			remoteRef = F32EBA612BC2FF4000D8C2B8 /* PBXContainerItemProxy */;
			sourceTree = BUILT_PRODUCTS_DIR;
		};
		F32EBA642BC2FF4000D8C2B8 /* ReactCommon */ = {
			isa = PBXReferenceProxy;
			fileType = archive.ar;
			name = ReactCommon;
			path = libReactCommon.a;
			remoteRef = F32EBA632BC2FF4000D8C2B8 /* PBXContainerItemProxy */;
			sourceTree = BUILT_PRODUCTS_DIR;
		};
		F32EBA662BC2FF4000D8C2B8 /* RNCCheckbox */ = {
			isa = PBXReferenceProxy;
			fileType = archive.ar;
			name = RNCCheckbox;
			path = libRNCCheckbox.a;
			remoteRef = F32EBA652BC2FF4000D8C2B8 /* PBXContainerItemProxy */;
			sourceTree = BUILT_PRODUCTS_DIR;
		};
		F32EBA682BC2FF4000D8C2B8 /* RNReanimated */ = {
			isa = PBXReferenceProxy;
			fileType = archive.ar;
			name = RNReanimated;
			path = libRNReanimated.a;
			remoteRef = F32EBA672BC2FF4000D8C2B8 /* PBXContainerItemProxy */;
			sourceTree = BUILT_PRODUCTS_DIR;
		};
		F32EBA6A2BC2FF4000D8C2B8 /* RNScreens */ = {
			isa = PBXReferenceProxy;
			fileType = archive.ar;
			name = RNScreens;
			path = libRNScreens.a;
			remoteRef = F32EBA692BC2FF4000D8C2B8 /* PBXContainerItemProxy */;
			sourceTree = BUILT_PRODUCTS_DIR;
		};
		F32EBA6C2BC2FF4000D8C2B8 /* SocketRocket */ = {
			isa = PBXReferenceProxy;
			fileType = archive.ar;
			name = SocketRocket;
			path = libSocketRocket.a;
			remoteRef = F32EBA6B2BC2FF4000D8C2B8 /* PBXContainerItemProxy */;
			sourceTree = BUILT_PRODUCTS_DIR;
		};
		F32EBA6E2BC2FF4000D8C2B8 /* Yoga */ = {
			isa = PBXReferenceProxy;
			fileType = archive.ar;
			name = Yoga;
			path = libYoga.a;
			remoteRef = F32EBA6D2BC2FF4000D8C2B8 /* PBXContainerItemProxy */;
			sourceTree = BUILT_PRODUCTS_DIR;
		};
		F3F2A17E2BC37983009C1DA6 /* react-native-flipper */ = {
			isa = PBXReferenceProxy;
			fileType = archive.ar;
			name = "react-native-flipper";
			path = "libreact-native-flipper.a";
			remoteRef = F3F2A17D2BC37983009C1DA6 /* PBXContainerItemProxy */;
			sourceTree = BUILT_PRODUCTS_DIR;
		};
/* End PBXReferenceProxy section */

/* Begin PBXResourcesBuildPhase section */
		00E356EC1AD99517003FC87E /* Resources */ = {
			isa = PBXResourcesBuildPhase;
			buildActionMask = 2147483647;
			files = (
			);
			runOnlyForDeploymentPostprocessing = 0;
		};
		13B07F8E1A680F5B00A75B9A /* Resources */ = {
			isa = PBXResourcesBuildPhase;
			buildActionMask = 2147483647;
			files = (
				81AB9BB82411601600AC10FF /* LaunchScreen.storyboard in Resources */,
				13B07FBF1A68108700A75B9A /* Images.xcassets in Resources */,
				78818A172459476BA0BD85C3 /* Lato-Black.ttf in Resources */,
				979735C348B44D168C00244B /* Lato-BlackItalic.ttf in Resources */,
				4ABBB9E3F1C34877A57FD8AB /* Lato-Bold.ttf in Resources */,
				FFEC747EC09D4F0197B3AA91 /* Lato-BoldItalic.ttf in Resources */,
				E11BC23F1B1A4314AEFC3C01 /* Lato-Italic.ttf in Resources */,
				1909A055E9644CC4A1C9DE49 /* Lato-Light.ttf in Resources */,
				18F410DC70B84D63990BBB62 /* Lato-LightItalic.ttf in Resources */,
				CFA0818F73B84B41810AE1B4 /* Lato-Regular.ttf in Resources */,
				7F35DFB19157499E9374C6AA /* Lato-Thin.ttf in Resources */,
				F4314EBD799A40478F89A0C8 /* Lato-ThinItalic.ttf in Resources */,
				8CD2A3A449364A73BA3DCF8D /* Poppins-Black.ttf in Resources */,
				A363A9C69CC84A1C9C79A600 /* Poppins-BlackItalic.ttf in Resources */,
				A2048049F02F48E6B4A28F58 /* Poppins-Bold.ttf in Resources */,
				F60DC1DAFB1449109B7C53A1 /* Poppins-BoldItalic.ttf in Resources */,
				28CFE4AC4B134FE4994C187B /* Poppins-ExtraBold.ttf in Resources */,
				51B38F9064704ED3913EC8C8 /* Poppins-ExtraBoldItalic.ttf in Resources */,
				B5C3CCFE973D4BCCB321FE0B /* Poppins-ExtraLight.ttf in Resources */,
				ECAA617C18274D50A04F0719 /* Poppins-ExtraLightItalic.ttf in Resources */,
				B42B4FEF92FF489AB851F439 /* Poppins-Italic.ttf in Resources */,
				C26393BF48D842508E0989A8 /* Poppins-Light.ttf in Resources */,
				9621D0AE4CBF4E6AB7CEB4A0 /* Poppins-LightItalic.ttf in Resources */,
				8752679F70D341599FFD9BA2 /* Poppins-Medium.ttf in Resources */,
				E152D589B01C425C8970E509 /* Poppins-MediumItalic.ttf in Resources */,
				07339B998E9F4352BF6E9E6D /* Poppins-Regular.ttf in Resources */,
				94F315D27E1E4BF39297C325 /* Poppins-SemiBold.ttf in Resources */,
				C7BE362FC14D42218F9BBA43 /* Poppins-SemiBoldItalic.ttf in Resources */,
				639EF7D47FDE492086B9AAFC /* Poppins-Thin.ttf in Resources */,
				E44CFEC74ABE4854A410AC12 /* Poppins-ThinItalic.ttf in Resources */,
			);
			runOnlyForDeploymentPostprocessing = 0;
		};
/* End PBXResourcesBuildPhase section */

/* Begin PBXShellScriptBuildPhase section */
		00DD1BFF1BD5951E006B06BC /* Bundle React Native code and images */ = {
			isa = PBXShellScriptBuildPhase;
			buildActionMask = 2147483647;
			files = (
			);
			inputPaths = (
				"$(SRCROOT)/.xcode.env.local",
				"$(SRCROOT)/.xcode.env",
			);
			name = "Bundle React Native code and images";
			outputPaths = (
			);
			runOnlyForDeploymentPostprocessing = 0;
			shellPath = /bin/sh;
			shellScript = "set -e\n\nWITH_ENVIRONMENT=\"../node_modules/react-native/scripts/xcode/with-environment.sh\"\nREACT_NATIVE_XCODE=\"../node_modules/react-native/scripts/react-native-xcode.sh\"\n\n/bin/sh -c \"$WITH_ENVIRONMENT $REACT_NATIVE_XCODE\"\n";
		};
		00EEFC60759A1932668264C0 /* [CP] Embed Pods Frameworks */ = {
			isa = PBXShellScriptBuildPhase;
			buildActionMask = 2147483647;
			files = (
			);
			inputFileListPaths = (
				"${PODS_ROOT}/Target Support Files/Pods-asm_ps28784/Pods-asm_ps28784-frameworks-${CONFIGURATION}-input-files.xcfilelist",
			);
			name = "[CP] Embed Pods Frameworks";
			outputFileListPaths = (
				"${PODS_ROOT}/Target Support Files/Pods-asm_ps28784/Pods-asm_ps28784-frameworks-${CONFIGURATION}-output-files.xcfilelist",
			);
			runOnlyForDeploymentPostprocessing = 0;
			shellPath = /bin/sh;
			shellScript = "\"${PODS_ROOT}/Target Support Files/Pods-asm_ps28784/Pods-asm_ps28784-frameworks.sh\"\n";
			showEnvVarsInLog = 0;
		};
		A55EABD7B0C7F3A422A6CC61 /* [CP] Check Pods Manifest.lock */ = {
			isa = PBXShellScriptBuildPhase;
			buildActionMask = 2147483647;
			files = (
			);
			inputFileListPaths = (
			);
			inputPaths = (
				"${PODS_PODFILE_DIR_PATH}/Podfile.lock",
				"${PODS_ROOT}/Manifest.lock",
			);
			name = "[CP] Check Pods Manifest.lock";
			outputFileListPaths = (
			);
			outputPaths = (
				"$(DERIVED_FILE_DIR)/Pods-asm_ps28784-asm_ps28784Tests-checkManifestLockResult.txt",
			);
			runOnlyForDeploymentPostprocessing = 0;
			shellPath = /bin/sh;
			shellScript = "diff \"${PODS_PODFILE_DIR_PATH}/Podfile.lock\" \"${PODS_ROOT}/Manifest.lock\" > /dev/null\nif [ $? != 0 ] ; then\n    # print error to STDERR\n    echo \"error: The sandbox is not in sync with the Podfile.lock. Run 'pod install' or update your CocoaPods installation.\" >&2\n    exit 1\nfi\n# This output is used by Xcode 'outputs' to avoid re-running this script phase.\necho \"SUCCESS\" > \"${SCRIPT_OUTPUT_FILE_0}\"\n";
			showEnvVarsInLog = 0;
		};
		C38B50BA6285516D6DCD4F65 /* [CP] Check Pods Manifest.lock */ = {
			isa = PBXShellScriptBuildPhase;
			buildActionMask = 2147483647;
			files = (
			);
			inputFileListPaths = (
			);
			inputPaths = (
				"${PODS_PODFILE_DIR_PATH}/Podfile.lock",
				"${PODS_ROOT}/Manifest.lock",
			);
			name = "[CP] Check Pods Manifest.lock";
			outputFileListPaths = (
			);
			outputPaths = (
				"$(DERIVED_FILE_DIR)/Pods-asm_ps28784-checkManifestLockResult.txt",
			);
			runOnlyForDeploymentPostprocessing = 0;
			shellPath = /bin/sh;
			shellScript = "diff \"${PODS_PODFILE_DIR_PATH}/Podfile.lock\" \"${PODS_ROOT}/Manifest.lock\" > /dev/null\nif [ $? != 0 ] ; then\n    # print error to STDERR\n    echo \"error: The sandbox is not in sync with the Podfile.lock. Run 'pod install' or update your CocoaPods installation.\" >&2\n    exit 1\nfi\n# This output is used by Xcode 'outputs' to avoid re-running this script phase.\necho \"SUCCESS\" > \"${SCRIPT_OUTPUT_FILE_0}\"\n";
			showEnvVarsInLog = 0;
		};
		C59DA0FBD6956966B86A3779 /* [CP] Embed Pods Frameworks */ = {
			isa = PBXShellScriptBuildPhase;
			buildActionMask = 2147483647;
			files = (
			);
			inputFileListPaths = (
				"${PODS_ROOT}/Target Support Files/Pods-asm_ps28784-asm_ps28784Tests/Pods-asm_ps28784-asm_ps28784Tests-frameworks-${CONFIGURATION}-input-files.xcfilelist",
			);
			name = "[CP] Embed Pods Frameworks";
			outputFileListPaths = (
				"${PODS_ROOT}/Target Support Files/Pods-asm_ps28784-asm_ps28784Tests/Pods-asm_ps28784-asm_ps28784Tests-frameworks-${CONFIGURATION}-output-files.xcfilelist",
			);
			runOnlyForDeploymentPostprocessing = 0;
			shellPath = /bin/sh;
			shellScript = "\"${PODS_ROOT}/Target Support Files/Pods-asm_ps28784-asm_ps28784Tests/Pods-asm_ps28784-asm_ps28784Tests-frameworks.sh\"\n";
			showEnvVarsInLog = 0;
		};
		E235C05ADACE081382539298 /* [CP] Copy Pods Resources */ = {
			isa = PBXShellScriptBuildPhase;
			buildActionMask = 2147483647;
			files = (
			);
			inputFileListPaths = (
				"${PODS_ROOT}/Target Support Files/Pods-asm_ps28784/Pods-asm_ps28784-resources-${CONFIGURATION}-input-files.xcfilelist",
			);
			name = "[CP] Copy Pods Resources";
			outputFileListPaths = (
				"${PODS_ROOT}/Target Support Files/Pods-asm_ps28784/Pods-asm_ps28784-resources-${CONFIGURATION}-output-files.xcfilelist",
			);
			runOnlyForDeploymentPostprocessing = 0;
			shellPath = /bin/sh;
			shellScript = "\"${PODS_ROOT}/Target Support Files/Pods-asm_ps28784/Pods-asm_ps28784-resources.sh\"\n";
			showEnvVarsInLog = 0;
		};
		F6A41C54EA430FDDC6A6ED99 /* [CP] Copy Pods Resources */ = {
			isa = PBXShellScriptBuildPhase;
			buildActionMask = 2147483647;
			files = (
			);
			inputFileListPaths = (
				"${PODS_ROOT}/Target Support Files/Pods-asm_ps28784-asm_ps28784Tests/Pods-asm_ps28784-asm_ps28784Tests-resources-${CONFIGURATION}-input-files.xcfilelist",
			);
			name = "[CP] Copy Pods Resources";
			outputFileListPaths = (
				"${PODS_ROOT}/Target Support Files/Pods-asm_ps28784-asm_ps28784Tests/Pods-asm_ps28784-asm_ps28784Tests-resources-${CONFIGURATION}-output-files.xcfilelist",
			);
			runOnlyForDeploymentPostprocessing = 0;
			shellPath = /bin/sh;
			shellScript = "\"${PODS_ROOT}/Target Support Files/Pods-asm_ps28784-asm_ps28784Tests/Pods-asm_ps28784-asm_ps28784Tests-resources.sh\"\n";
			showEnvVarsInLog = 0;
		};
/* End PBXShellScriptBuildPhase section */

/* Begin PBXSourcesBuildPhase section */
		00E356EA1AD99517003FC87E /* Sources */ = {
			isa = PBXSourcesBuildPhase;
			buildActionMask = 2147483647;
			files = (
				00E356F31AD99517003FC87E /* asm_ps28784Tests.m in Sources */,
			);
			runOnlyForDeploymentPostprocessing = 0;
		};
		13B07F871A680F5B00A75B9A /* Sources */ = {
			isa = PBXSourcesBuildPhase;
			buildActionMask = 2147483647;
			files = (
				13B07FBC1A68108700A75B9A /* AppDelegate.mm in Sources */,
				13B07FC11A68108700A75B9A /* main.m in Sources */,
			);
			runOnlyForDeploymentPostprocessing = 0;
		};
/* End PBXSourcesBuildPhase section */

/* Begin PBXTargetDependency section */
		00E356F51AD99517003FC87E /* PBXTargetDependency */ = {
			isa = PBXTargetDependency;
			target = 13B07F861A680F5B00A75B9A /* asm_ps28784 */;
			targetProxy = 00E356F41AD99517003FC87E /* PBXContainerItemProxy */;
		};
/* End PBXTargetDependency section */

/* Begin XCBuildConfiguration section */
		00E356F61AD99517003FC87E /* Debug */ = {
			isa = XCBuildConfiguration;
			baseConfigurationReference = 5B7EB9410499542E8C5724F5 /* Pods-asm_ps28784-asm_ps28784Tests.debug.xcconfig */;
			buildSettings = {
				BUNDLE_LOADER = "$(TEST_HOST)";
				DEVELOPMENT_TEAM = L6NPABZ7Q6;
				GCC_PREPROCESSOR_DEFINITIONS = (
					"DEBUG=1",
					"$(inherited)",
				);
				INFOPLIST_FILE = asm_ps28784Tests/Info.plist;
				IPHONEOS_DEPLOYMENT_TARGET = 13.4;
				LD_RUNPATH_SEARCH_PATHS = (
					"$(inherited)",
					"@executable_path/Frameworks",
					"@loader_path/Frameworks",
				);
				OTHER_LDFLAGS = (
					"-ObjC",
					"-lc++",
					"$(inherited)",
				);
				PRODUCT_BUNDLE_IDENTIFIER = "org.reactjs.native.example.$(PRODUCT_NAME:rfc1034identifier)";
				PRODUCT_NAME = "$(TARGET_NAME)";
				TEST_HOST = "$(BUILT_PRODUCTS_DIR)/asm_ps28784.app/asm_ps28784";
			};
			name = Debug;
		};
		00E356F71AD99517003FC87E /* Release */ = {
			isa = XCBuildConfiguration;
			baseConfigurationReference = 89C6BE57DB24E9ADA2F236DE /* Pods-asm_ps28784-asm_ps28784Tests.release.xcconfig */;
			buildSettings = {
				BUNDLE_LOADER = "$(TEST_HOST)";
				COPY_PHASE_STRIP = NO;
				DEVELOPMENT_TEAM = L6NPABZ7Q6;
				INFOPLIST_FILE = asm_ps28784Tests/Info.plist;
				IPHONEOS_DEPLOYMENT_TARGET = 13.4;
				LD_RUNPATH_SEARCH_PATHS = (
					"$(inherited)",
					"@executable_path/Frameworks",
					"@loader_path/Frameworks",
				);
				OTHER_LDFLAGS = (
					"-ObjC",
					"-lc++",
					"$(inherited)",
				);
				PRODUCT_BUNDLE_IDENTIFIER = "org.reactjs.native.example.$(PRODUCT_NAME:rfc1034identifier)";
				PRODUCT_NAME = "$(TARGET_NAME)";
				TEST_HOST = "$(BUILT_PRODUCTS_DIR)/asm_ps28784.app/asm_ps28784";
			};
			name = Release;
		};
		13B07F941A680F5B00A75B9A /* Debug */ = {
			isa = XCBuildConfiguration;
			baseConfigurationReference = 3B4392A12AC88292D35C810B /* Pods-asm_ps28784.debug.xcconfig */;
			buildSettings = {
				ASSETCATALOG_COMPILER_APPICON_NAME = AppIcon;
				CLANG_CXX_LANGUAGE_STANDARD = "gnu++17";
				CLANG_ENABLE_MODULES = YES;
				CURRENT_PROJECT_VERSION = 1;
				DEVELOPMENT_TEAM = L6NPABZ7Q6;
				ENABLE_BITCODE = NO;
				INFOPLIST_FILE = asm_ps28784/Info.plist;
				LD_RUNPATH_SEARCH_PATHS = (
					"$(inherited)",
					"@executable_path/Frameworks",
				);
				MARKETING_VERSION = 1.0;
				OTHER_LDFLAGS = (
					"$(inherited)",
					"-ObjC",
					"-lc++",
				);
				PRODUCT_BUNDLE_IDENTIFIER = "org.reactjs.native.example.$(PRODUCT_NAME:rfc1034identifier)";
				PRODUCT_NAME = asm_ps28784;
				SWIFT_OPTIMIZATION_LEVEL = "-Onone";
				SWIFT_VERSION = 5.0;
				VERSIONING_SYSTEM = "apple-generic";
			};
			name = Debug;
		};
		13B07F951A680F5B00A75B9A /* Release */ = {
			isa = XCBuildConfiguration;
			baseConfigurationReference = 5709B34CF0A7D63546082F79 /* Pods-asm_ps28784.release.xcconfig */;
			buildSettings = {
				ASSETCATALOG_COMPILER_APPICON_NAME = AppIcon;
				CLANG_CXX_LANGUAGE_STANDARD = "gnu++17";
				CLANG_ENABLE_MODULES = YES;
				CURRENT_PROJECT_VERSION = 1;
				DEVELOPMENT_TEAM = L6NPABZ7Q6;
				INFOPLIST_FILE = asm_ps28784/Info.plist;
				LD_RUNPATH_SEARCH_PATHS = (
					"$(inherited)",
					"@executable_path/Frameworks",
				);
				MARKETING_VERSION = 1.0;
				OTHER_LDFLAGS = (
					"$(inherited)",
					"-ObjC",
					"-lc++",
				);
				PRODUCT_BUNDLE_IDENTIFIER = "org.reactjs.native.example.$(PRODUCT_NAME:rfc1034identifier)";
				PRODUCT_NAME = asm_ps28784;
				SWIFT_VERSION = 5.0;
				VERSIONING_SYSTEM = "apple-generic";
			};
			name = Release;
		};
		83CBBA201A601CBA00E9B192 /* Debug */ = {
			isa = XCBuildConfiguration;
			buildSettings = {
				ALWAYS_SEARCH_USER_PATHS = NO;
				CLANG_ANALYZER_LOCALIZABILITY_NONLOCALIZED = YES;
				CLANG_CXX_LANGUAGE_STANDARD = "gnu++17";
				CLANG_CXX_LIBRARY = "libc++";
				CLANG_ENABLE_MODULES = YES;
				CLANG_ENABLE_OBJC_ARC = YES;
				CLANG_WARN_BLOCK_CAPTURE_AUTORELEASING = YES;
				CLANG_WARN_BOOL_CONVERSION = YES;
				CLANG_WARN_COMMA = YES;
				CLANG_WARN_CONSTANT_CONVERSION = YES;
				CLANG_WARN_DEPRECATED_OBJC_IMPLEMENTATIONS = YES;
				CLANG_WARN_DIRECT_OBJC_ISA_USAGE = YES_ERROR;
				CLANG_WARN_EMPTY_BODY = YES;
				CLANG_WARN_ENUM_CONVERSION = YES;
				CLANG_WARN_INFINITE_RECURSION = YES;
				CLANG_WARN_INT_CONVERSION = YES;
				CLANG_WARN_NON_LITERAL_NULL_CONVERSION = YES;
				CLANG_WARN_OBJC_IMPLICIT_RETAIN_SELF = YES;
				CLANG_WARN_OBJC_LITERAL_CONVERSION = YES;
				CLANG_WARN_OBJC_ROOT_CLASS = YES_ERROR;
				CLANG_WARN_QUOTED_INCLUDE_IN_FRAMEWORK_HEADER = YES;
				CLANG_WARN_RANGE_LOOP_ANALYSIS = YES;
				CLANG_WARN_STRICT_PROTOTYPES = YES;
				CLANG_WARN_SUSPICIOUS_MOVE = YES;
				CLANG_WARN_UNREACHABLE_CODE = YES;
				CLANG_WARN__DUPLICATE_METHOD_MATCH = YES;
				"CODE_SIGN_IDENTITY[sdk=iphoneos*]" = "iPhone Developer";
				COPY_PHASE_STRIP = NO;
				ENABLE_STRICT_OBJC_MSGSEND = YES;
				ENABLE_TESTABILITY = YES;
				"EXCLUDED_ARCHS[sdk=iphonesimulator*]" = i386;
				GCC_C_LANGUAGE_STANDARD = gnu99;
				GCC_DYNAMIC_NO_PIC = NO;
				GCC_NO_COMMON_BLOCKS = YES;
				GCC_OPTIMIZATION_LEVEL = 0;
				GCC_PREPROCESSOR_DEFINITIONS = (
					"DEBUG=1",
					"$(inherited)",
				);
				GCC_SYMBOLS_PRIVATE_EXTERN = NO;
				GCC_WARN_64_TO_32_BIT_CONVERSION = YES;
				GCC_WARN_ABOUT_RETURN_TYPE = YES_ERROR;
				GCC_WARN_UNDECLARED_SELECTOR = YES;
				GCC_WARN_UNINITIALIZED_AUTOS = YES_AGGRESSIVE;
				GCC_WARN_UNUSED_FUNCTION = YES;
				GCC_WARN_UNUSED_VARIABLE = YES;
				IPHONEOS_DEPLOYMENT_TARGET = 13.4;
				LD_RUNPATH_SEARCH_PATHS = (
					/usr/lib/swift,
					"$(inherited)",
				);
				LIBRARY_SEARCH_PATHS = (
					"\"$(SDKROOT)/usr/lib/swift\"",
					"\"$(TOOLCHAIN_DIR)/usr/lib/swift/$(PLATFORM_NAME)\"",
					"\"$(inherited)\"",
				);
				MTL_ENABLE_DEBUG_INFO = YES;
				ONLY_ACTIVE_ARCH = YES;
				OTHER_CFLAGS = "$(inherited)";
				OTHER_CPLUSPLUSFLAGS = (
					"$(OTHER_CFLAGS)",
					"-DFOLLY_NO_CONFIG",
					"-DFOLLY_MOBILE=1",
					"-DFOLLY_USE_LIBCPP=1",
					"-DFOLLY_CFG_NO_COROUTINES=1",
				);
				OTHER_LDFLAGS = "$(inherited)  ";
				REACT_NATIVE_PATH = "${PODS_ROOT}/../../node_modules/react-native";
				SDKROOT = iphoneos;
				USE_HERMES = true;
			};
			name = Debug;
		};
		83CBBA211A601CBA00E9B192 /* Release */ = {
			isa = XCBuildConfiguration;
			buildSettings = {
				ALWAYS_SEARCH_USER_PATHS = NO;
				CLANG_ANALYZER_LOCALIZABILITY_NONLOCALIZED = YES;
				CLANG_CXX_LANGUAGE_STANDARD = "gnu++17";
				CLANG_CXX_LIBRARY = "libc++";
				CLANG_ENABLE_MODULES = YES;
				CLANG_ENABLE_OBJC_ARC = YES;
				CLANG_WARN_BLOCK_CAPTURE_AUTORELEASING = YES;
				CLANG_WARN_BOOL_CONVERSION = YES;
				CLANG_WARN_COMMA = YES;
				CLANG_WARN_CONSTANT_CONVERSION = YES;
				CLANG_WARN_DEPRECATED_OBJC_IMPLEMENTATIONS = YES;
				CLANG_WARN_DIRECT_OBJC_ISA_USAGE = YES_ERROR;
				CLANG_WARN_EMPTY_BODY = YES;
				CLANG_WARN_ENUM_CONVERSION = YES;
				CLANG_WARN_INFINITE_RECURSION = YES;
				CLANG_WARN_INT_CONVERSION = YES;
				CLANG_WARN_NON_LITERAL_NULL_CONVERSION = YES;
				CLANG_WARN_OBJC_IMPLICIT_RETAIN_SELF = YES;
				CLANG_WARN_OBJC_LITERAL_CONVERSION = YES;
				CLANG_WARN_OBJC_ROOT_CLASS = YES_ERROR;
				CLANG_WARN_QUOTED_INCLUDE_IN_FRAMEWORK_HEADER = YES;
				CLANG_WARN_RANGE_LOOP_ANALYSIS = YES;
				CLANG_WARN_STRICT_PROTOTYPES = YES;
				CLANG_WARN_SUSPICIOUS_MOVE = YES;
				CLANG_WARN_UNREACHABLE_CODE = YES;
				CLANG_WARN__DUPLICATE_METHOD_MATCH = YES;
				"CODE_SIGN_IDENTITY[sdk=iphoneos*]" = "iPhone Developer";
				COPY_PHASE_STRIP = YES;
				ENABLE_NS_ASSERTIONS = NO;
				ENABLE_STRICT_OBJC_MSGSEND = YES;
				"EXCLUDED_ARCHS[sdk=iphonesimulator*]" = i386;
				GCC_C_LANGUAGE_STANDARD = gnu99;
				GCC_NO_COMMON_BLOCKS = YES;
				GCC_WARN_64_TO_32_BIT_CONVERSION = YES;
				GCC_WARN_ABOUT_RETURN_TYPE = YES_ERROR;
				GCC_WARN_UNDECLARED_SELECTOR = YES;
				GCC_WARN_UNINITIALIZED_AUTOS = YES_AGGRESSIVE;
				GCC_WARN_UNUSED_FUNCTION = YES;
				GCC_WARN_UNUSED_VARIABLE = YES;
				IPHONEOS_DEPLOYMENT_TARGET = 13.4;
				LD_RUNPATH_SEARCH_PATHS = (
					/usr/lib/swift,
					"$(inherited)",
				);
				LIBRARY_SEARCH_PATHS = (
					"\"$(SDKROOT)/usr/lib/swift\"",
					"\"$(TOOLCHAIN_DIR)/usr/lib/swift/$(PLATFORM_NAME)\"",
					"\"$(inherited)\"",
				);
				MTL_ENABLE_DEBUG_INFO = NO;
				OTHER_CFLAGS = "$(inherited)";
				OTHER_CPLUSPLUSFLAGS = (
					"$(OTHER_CFLAGS)",
					"-DFOLLY_NO_CONFIG",
					"-DFOLLY_MOBILE=1",
					"-DFOLLY_USE_LIBCPP=1",
					"-DFOLLY_CFG_NO_COROUTINES=1",
				);
				OTHER_LDFLAGS = "$(inherited)  ";
				REACT_NATIVE_PATH = "${PODS_ROOT}/../../node_modules/react-native";
				SDKROOT = iphoneos;
				USE_HERMES = true;
				VALIDATE_PRODUCT = YES;
			};
			name = Release;
		};
/* End XCBuildConfiguration section */

/* Begin XCConfigurationList section */
		00E357021AD99517003FC87E /* Build configuration list for PBXNativeTarget "asm_ps28784Tests" */ = {
			isa = XCConfigurationList;
			buildConfigurations = (
				00E356F61AD99517003FC87E /* Debug */,
				00E356F71AD99517003FC87E /* Release */,
			);
			defaultConfigurationIsVisible = 0;
			defaultConfigurationName = Release;
		};
		13B07F931A680F5B00A75B9A /* Build configuration list for PBXNativeTarget "asm_ps28784" */ = {
			isa = XCConfigurationList;
			buildConfigurations = (
				13B07F941A680F5B00A75B9A /* Debug */,
				13B07F951A680F5B00A75B9A /* Release */,
			);
			defaultConfigurationIsVisible = 0;
			defaultConfigurationName = Release;
		};
		83CBB9FA1A601CBA00E9B192 /* Build configuration list for PBXProject "asm_ps28784" */ = {
			isa = XCConfigurationList;
			buildConfigurations = (
				83CBBA201A601CBA00E9B192 /* Debug */,
				83CBBA211A601CBA00E9B192 /* Release */,
			);
			defaultConfigurationIsVisible = 0;
			defaultConfigurationName = Release;
		};
/* End XCConfigurationList section */
	};
	rootObject = 83CBB9F71A601CBA00E9B192 /* Project object */;
}
